// !$*UTF8*$!
{
	archiveVersion = 1;
	classes = {
	};
	objectVersion = 48;
	objects = {

/* Begin PBXBuildFile section */
		0A1F675C202B886E00113F90 /* node-service.mm in Sources */ = {isa = PBXBuildFile; fileRef = 0A1F675B202B886E00113F90 /* node-service.mm */; };
		0A9494DC202D03D5009085C7 /* webgl.cc in Sources */ = {isa = PBXBuildFile; fileRef = 0A9493AC202D03D4009085C7 /* webgl.cc */; };
		0A9494DD202D03D5009085C7 /* ContextQuartz2D.cpp in Sources */ = {isa = PBXBuildFile; fileRef = 0A9493BB202D03D4009085C7 /* ContextQuartz2D.cpp */; };
		0A9494E1202D03D5009085C7 /* PackedImageData.cpp in Sources */ = {isa = PBXBuildFile; fileRef = 0A9493E7202D03D4009085C7 /* PackedImageData.cpp */; };
		0A9494E2202D03D5009085C7 /* dxt.cpp in Sources */ = {isa = PBXBuildFile; fileRef = 0A9493E8202D03D4009085C7 /* dxt.cpp */; };
		0A9494E3202D03D5009085C7 /* Image.cpp in Sources */ = {isa = PBXBuildFile; fileRef = 0A9493EA202D03D4009085C7 /* Image.cpp */; };
		0A9494E4202D03D5009085C7 /* ImageData.cpp in Sources */ = {isa = PBXBuildFile; fileRef = 0A9493EC202D03D4009085C7 /* ImageData.cpp */; };
		0A9494E5202D03D5009085C7 /* Color.cpp in Sources */ = {isa = PBXBuildFile; fileRef = 0A9493ED202D03D4009085C7 /* Color.cpp */; };
		0A9494E6202D03D5009085C7 /* Path2D.cpp in Sources */ = {isa = PBXBuildFile; fileRef = 0A9493EF202D03D4009085C7 /* Path2D.cpp */; };
		0A9494E8202D03D5009085C7 /* FloydSteinberg.cpp in Sources */ = {isa = PBXBuildFile; fileRef = 0A9493F1202D03D4009085C7 /* FloydSteinberg.cpp */; };
		0A9494E9202D03D5009085C7 /* not-supported.txt in Resources */ = {isa = PBXBuildFile; fileRef = 0A9493F4202D03D4009085C7 /* not-supported.txt */; };
		0A9494EA202D03D5009085C7 /* gluegen.php in Resources */ = {isa = PBXBuildFile; fileRef = 0A9493F5202D03D4009085C7 /* gluegen.php */; };
		0A9494EB202D03D5009085C7 /* .gitignore in Resources */ = {isa = PBXBuildFile; fileRef = 0A9493FA202D03D5009085C7 /* .gitignore */; };
		0A9494EC202D03D5009085C7 /* imageBitmap-context.cc in Sources */ = {isa = PBXBuildFile; fileRef = 0A949403202D03D5009085C7 /* imageBitmap-context.cc */; };
		0A9494ED202D03D5009085C7 /* path2d-context.cc in Sources */ = {isa = PBXBuildFile; fileRef = 0A949404202D03D5009085C7 /* path2d-context.cc */; };
		0A9494EE202D03D5009085C7 /* imageData-context.cc in Sources */ = {isa = PBXBuildFile; fileRef = 0A949405202D03D5009085C7 /* imageData-context.cc */; };
		0A9494EF202D03D5009085C7 /* canvas-context.cc in Sources */ = {isa = PBXBuildFile; fileRef = 0A949406202D03D5009085C7 /* canvas-context.cc */; };
		0A9494F0202D03D5009085C7 /* image-context.cc in Sources */ = {isa = PBXBuildFile; fileRef = 0A949407202D03D5009085C7 /* image-context.cc */; };
		0A9494F1202D03D5009085C7 /* bindings.cc in Sources */ = {isa = PBXBuildFile; fileRef = 0A94940C202D03D5009085C7 /* bindings.cc */; };
		0A9494F2202D03D5009085C7 /* config.gypi in Resources */ = {isa = PBXBuildFile; fileRef = 0A94943A202D03D5009085C7 /* config.gypi */; };
		0A9494F3202D03D5009085C7 /* common.gypi in Resources */ = {isa = PBXBuildFile; fileRef = 0A94943D202D03D5009085C7 /* common.gypi */; };
		0A9494F4202D03D5009085C7 /* Android.mk in Resources */ = {isa = PBXBuildFile; fileRef = 0A9494CF202D03D5009085C7 /* Android.mk */; };
		0A9494F5202D03D5009085C7 /* NOTICE in Resources */ = {isa = PBXBuildFile; fileRef = 0A9494D1202D03D5009085C7 /* NOTICE */; };
		0A9494F6202D03D5009085C7 /* repo.prop in Resources */ = {isa = PBXBuildFile; fileRef = 0A9494D2202D03D5009085C7 /* repo.prop */; };
		0A9494F8202D03D5009085C7 /* nanosvg.cpp in Sources */ = {isa = PBXBuildFile; fileRef = 0A9494D9202D03D5009085C7 /* nanosvg.cpp */; };
		0ACDC381202BA1DD00E533FA /* QuartzCore.framework in Frameworks */ = {isa = PBXBuildFile; fileRef = 0ACDC380202BA1DD00E533FA /* QuartzCore.framework */; };
		0ACDCBCC202B9E6600E4C0F9 /* OpenGLES.framework in Frameworks */ = {isa = PBXBuildFile; fileRef = 0ACDCBCB202B9E6600E4C0F9 /* OpenGLES.framework */; };
		0ACFE84D202D22EC0088926D /* NodeMobile.framework in Frameworks */ = {isa = PBXBuildFile; fileRef = 0ACFE84B202D22EC0088926D /* NodeMobile.framework */; };
		0ACFE84F202D23890088926D /* NodeMobile.framework in Frameworks */ = {isa = PBXBuildFile; fileRef = 0ACFE84B202D22EC0088926D /* NodeMobile.framework */; };
		0ACFE850202D23890088926D /* NodeMobile.framework in Embed Frameworks */ = {isa = PBXBuildFile; fileRef = 0ACFE84B202D22EC0088926D /* NodeMobile.framework */; settings = {ATTRIBUTES = (CodeSignOnCopy, RemoveHeadersOnCopy, ); }; };
		DF1642491F0CDFD70009DE88 /* AppDelegate.m in Sources */ = {isa = PBXBuildFile; fileRef = DF1642481F0CDFD70009DE88 /* AppDelegate.m */; };
		DF16424C1F0CDFD70009DE88 /* ViewController.m in Sources */ = {isa = PBXBuildFile; fileRef = DF16424B1F0CDFD70009DE88 /* ViewController.m */; };
		DF16424F1F0CDFD70009DE88 /* Main.storyboard in Resources */ = {isa = PBXBuildFile; fileRef = DF16424D1F0CDFD70009DE88 /* Main.storyboard */; };
		DF1642511F0CDFD70009DE88 /* Assets.xcassets in Resources */ = {isa = PBXBuildFile; fileRef = DF1642501F0CDFD70009DE88 /* Assets.xcassets */; };
		DF1642541F0CDFD70009DE88 /* LaunchScreen.storyboard in Resources */ = {isa = PBXBuildFile; fileRef = DF1642521F0CDFD70009DE88 /* LaunchScreen.storyboard */; };
		DF1642571F0CDFD70009DE88 /* main.m in Sources */ = {isa = PBXBuildFile; fileRef = DF1642561F0CDFD70009DE88 /* main.m */; };
		DF16425F1F0CE0360009DE88 /* ARRenderer.m in Sources */ = {isa = PBXBuildFile; fileRef = DF16425E1F0CE0360009DE88 /* ARRenderer.m */; };
		DF1642611F0CE8AD0009DE88 /* Camera.fsh in Resources */ = {isa = PBXBuildFile; fileRef = DF1642601F0CE8AD0009DE88 /* Camera.fsh */; };
		DF1642631F0CF4030009DE88 /* Camera.vsh in Resources */ = {isa = PBXBuildFile; fileRef = DF1642621F0CE8B90009DE88 /* Camera.vsh */; };
		DF1642661F0E15EC0009DE88 /* Anchor.vsh in Resources */ = {isa = PBXBuildFile; fileRef = DF1642641F0E15E60009DE88 /* Anchor.vsh */; };
		DF1642671F0E15EE0009DE88 /* Anchor.fsh in Resources */ = {isa = PBXBuildFile; fileRef = DF1642651F0E15E60009DE88 /* Anchor.fsh */; };
		DF8FFAA21F87D942003004E0 /* GLProgram.m in Sources */ = {isa = PBXBuildFile; fileRef = DF8FFAA01F87D941003004E0 /* GLProgram.m */; };
/* End PBXBuildFile section */

/* Begin PBXCopyFilesBuildPhase section */
		0ABCD84C202BB80E0022BBF3 /* Embed Frameworks */ = {
			isa = PBXCopyFilesBuildPhase;
			buildActionMask = 2147483647;
			dstPath = "";
			dstSubfolderSpec = 10;
			files = (
				0ACFE850202D23890088926D /* NodeMobile.framework in Embed Frameworks */,
			);
			name = "Embed Frameworks";
			runOnlyForDeploymentPostprocessing = 0;
		};
/* End PBXCopyFilesBuildPhase section */

/* Begin PBXFileReference section */
		0A1F675B202B886E00113F90 /* node-service.mm */ = {isa = PBXFileReference; fileEncoding = 4; lastKnownFileType = sourcecode.cpp.objcpp; path = "node-service.mm"; sourceTree = "<group>"; };
		0A9493AA202D03D4009085C7 /* webgl.h */ = {isa = PBXFileReference; fileEncoding = 4; lastKnownFileType = sourcecode.c.h; path = webgl.h; sourceTree = "<group>"; };
		0A9493AC202D03D4009085C7 /* webgl.cc */ = {isa = PBXFileReference; fileEncoding = 4; lastKnownFileType = sourcecode.cpp.cpp; path = webgl.cc; sourceTree = "<group>"; };
		0A9493AF202D03D4009085C7 /* defines.h */ = {isa = PBXFileReference; fileEncoding = 4; lastKnownFileType = sourcecode.c.h; path = defines.h; sourceTree = "<group>"; };
		0A9493B2202D03D4009085C7 /* core.h */ = {isa = PBXFileReference; fileEncoding = 4; lastKnownFileType = sourcecode.c.h; path = core.h; sourceTree = "<group>"; };
		0A9493B3202D03D4009085C7 /* unchecked.h */ = {isa = PBXFileReference; fileEncoding = 4; lastKnownFileType = sourcecode.c.h; path = unchecked.h; sourceTree = "<group>"; };
		0A9493B4202D03D4009085C7 /* checked.h */ = {isa = PBXFileReference; fileEncoding = 4; lastKnownFileType = sourcecode.c.h; path = checked.h; sourceTree = "<group>"; };
		0A9493B5202D03D4009085C7 /* utf8.h */ = {isa = PBXFileReference; fileEncoding = 4; lastKnownFileType = sourcecode.c.h; path = utf8.h; sourceTree = "<group>"; };
		0A9493B9202D03D4009085C7 /* ContextQuartz2D.h */ = {isa = PBXFileReference; fileEncoding = 4; lastKnownFileType = sourcecode.c.h; path = ContextQuartz2D.h; sourceTree = "<group>"; };
		0A9493BB202D03D4009085C7 /* ContextQuartz2D.cpp */ = {isa = PBXFileReference; fileEncoding = 4; lastKnownFileType = sourcecode.cpp.cpp; path = ContextQuartz2D.cpp; sourceTree = "<group>"; };
		0A9493BE202D03D4009085C7 /* ContextCairo.h */ = {isa = PBXFileReference; fileEncoding = 4; lastKnownFileType = sourcecode.c.h; path = ContextCairo.h; sourceTree = "<group>"; };
		0A9493C0202D03D4009085C7 /* ContextCairo.cpp */ = {isa = PBXFileReference; fileEncoding = 4; lastKnownFileType = sourcecode.cpp.cpp; path = ContextCairo.cpp; sourceTree = "<group>"; };
		0A9493C3202D03D4009085C7 /* ContextAndroid.h */ = {isa = PBXFileReference; fileEncoding = 4; lastKnownFileType = sourcecode.c.h; path = ContextAndroid.h; sourceTree = "<group>"; };
		0A9493C5202D03D4009085C7 /* ContextAndroid.cpp */ = {isa = PBXFileReference; fileEncoding = 4; lastKnownFileType = sourcecode.cpp.cpp; path = ContextAndroid.cpp; sourceTree = "<group>"; };
		0A9493C8202D03D4009085C7 /* ContextGDIPlus.h */ = {isa = PBXFileReference; fileEncoding = 4; lastKnownFileType = sourcecode.c.h; path = ContextGDIPlus.h; sourceTree = "<group>"; };
		0A9493CA202D03D4009085C7 /* ContextGDIPlus.cpp */ = {isa = PBXFileReference; fileEncoding = 4; lastKnownFileType = sourcecode.cpp.cpp; path = ContextGDIPlus.cpp; sourceTree = "<group>"; };
		0A9493CD202D03D4009085C7 /* PackedImageData.h */ = {isa = PBXFileReference; fileEncoding = 4; lastKnownFileType = sourcecode.c.h; path = PackedImageData.h; sourceTree = "<group>"; };
		0A9493CE202D03D4009085C7 /* TextMetrics.h */ = {isa = PBXFileReference; fileEncoding = 4; lastKnownFileType = sourcecode.c.h; path = TextMetrics.h; sourceTree = "<group>"; };
		0A9493CF202D03D4009085C7 /* Style.h */ = {isa = PBXFileReference; fileEncoding = 4; lastKnownFileType = sourcecode.c.h; path = Style.h; sourceTree = "<group>"; };
		0A9493D0202D03D4009085C7 /* Point.h */ = {isa = PBXFileReference; fileEncoding = 4; lastKnownFileType = sourcecode.c.h; path = Point.h; sourceTree = "<group>"; };
		0A9493D1202D03D4009085C7 /* Surface.h */ = {isa = PBXFileReference; fileEncoding = 4; lastKnownFileType = sourcecode.c.h; path = Surface.h; sourceTree = "<group>"; };
		0A9493D2202D03D4009085C7 /* FloydSteinberg.h */ = {isa = PBXFileReference; fileEncoding = 4; lastKnownFileType = sourcecode.c.h; path = FloydSteinberg.h; sourceTree = "<group>"; };
		0A9493D3202D03D4009085C7 /* Operator.h */ = {isa = PBXFileReference; fileEncoding = 4; lastKnownFileType = sourcecode.c.h; path = Operator.h; sourceTree = "<group>"; };
		0A9493D4202D03D4009085C7 /* ImageData.h */ = {isa = PBXFileReference; fileEncoding = 4; lastKnownFileType = sourcecode.c.h; path = ImageData.h; sourceTree = "<group>"; };
		0A9493D5202D03D4009085C7 /* HitRegion.h */ = {isa = PBXFileReference; fileEncoding = 4; lastKnownFileType = sourcecode.c.h; path = HitRegion.h; sourceTree = "<group>"; };
		0A9493D6202D03D4009085C7 /* Context.h */ = {isa = PBXFileReference; fileEncoding = 4; lastKnownFileType = sourcecode.c.h; path = Context.h; sourceTree = "<group>"; };
		0A9493D7202D03D4009085C7 /* Matrix.h */ = {isa = PBXFileReference; fileEncoding = 4; lastKnownFileType = sourcecode.c.h; path = Matrix.h; sourceTree = "<group>"; };
		0A9493D8202D03D4009085C7 /* Color.h */ = {isa = PBXFileReference; fileEncoding = 4; lastKnownFileType = sourcecode.c.h; path = Color.h; sourceTree = "<group>"; };
		0A9493D9202D03D4009085C7 /* ImageLoadingException.h */ = {isa = PBXFileReference; fileEncoding = 4; lastKnownFileType = sourcecode.c.h; path = ImageLoadingException.h; sourceTree = "<group>"; };
		0A9493DA202D03D4009085C7 /* TextBaseline.h */ = {isa = PBXFileReference; fileEncoding = 4; lastKnownFileType = sourcecode.c.h; path = TextBaseline.h; sourceTree = "<group>"; };
		0A9493DB202D03D4009085C7 /* InternalFormat.h */ = {isa = PBXFileReference; fileEncoding = 4; lastKnownFileType = sourcecode.c.h; path = InternalFormat.h; sourceTree = "<group>"; };
		0A9493DC202D03D4009085C7 /* FontWeight.h */ = {isa = PBXFileReference; fileEncoding = 4; lastKnownFileType = sourcecode.c.h; path = FontWeight.h; sourceTree = "<group>"; };
		0A9493DD202D03D4009085C7 /* Font.h */ = {isa = PBXFileReference; fileEncoding = 4; lastKnownFileType = sourcecode.c.h; path = Font.h; sourceTree = "<group>"; };
		0A9493DE202D03D4009085C7 /* FilenameConverter.h */ = {isa = PBXFileReference; fileEncoding = 4; lastKnownFileType = sourcecode.c.h; path = FilenameConverter.h; sourceTree = "<group>"; };
		0A9493DF202D03D4009085C7 /* GraphicsState.h */ = {isa = PBXFileReference; fileEncoding = 4; lastKnownFileType = sourcecode.c.h; path = GraphicsState.h; sourceTree = "<group>"; };
		0A9493E0202D03D4009085C7 /* ImageFormat.h */ = {isa = PBXFileReference; fileEncoding = 4; lastKnownFileType = sourcecode.c.h; path = ImageFormat.h; sourceTree = "<group>"; };
		0A9493E1202D03D4009085C7 /* Path2D.h */ = {isa = PBXFileReference; fileEncoding = 4; lastKnownFileType = sourcecode.c.h; path = Path2D.h; sourceTree = "<group>"; };
		0A9493E2202D03D4009085C7 /* Attribute.h */ = {isa = PBXFileReference; fileEncoding = 4; lastKnownFileType = sourcecode.c.h; path = Attribute.h; sourceTree = "<group>"; };
		0A9493E3202D03D4009085C7 /* TextAlign.h */ = {isa = PBXFileReference; fileEncoding = 4; lastKnownFileType = sourcecode.c.h; path = TextAlign.h; sourceTree = "<group>"; };
		0A9493E4202D03D4009085C7 /* Filter.h */ = {isa = PBXFileReference; fileEncoding = 4; lastKnownFileType = sourcecode.c.h; path = Filter.h; sourceTree = "<group>"; };
		0A9493E5202D03D4009085C7 /* Image.h */ = {isa = PBXFileReference; fileEncoding = 4; lastKnownFileType = sourcecode.c.h; path = Image.h; sourceTree = "<group>"; };
		0A9493E7202D03D4009085C7 /* PackedImageData.cpp */ = {isa = PBXFileReference; fileEncoding = 4; lastKnownFileType = sourcecode.cpp.cpp; path = PackedImageData.cpp; sourceTree = "<group>"; };
		0A9493E8202D03D4009085C7 /* dxt.cpp */ = {isa = PBXFileReference; fileEncoding = 4; lastKnownFileType = sourcecode.cpp.cpp; path = dxt.cpp; sourceTree = "<group>"; };
		0A9493E9202D03D4009085C7 /* rg_etc1.h */ = {isa = PBXFileReference; fileEncoding = 4; lastKnownFileType = sourcecode.c.h; path = rg_etc1.h; sourceTree = "<group>"; };
		0A9493EA202D03D4009085C7 /* Image.cpp */ = {isa = PBXFileReference; fileEncoding = 4; lastKnownFileType = sourcecode.cpp.cpp; path = Image.cpp; sourceTree = "<group>"; };
		0A9493EB202D03D4009085C7 /* stb_image_resize.h */ = {isa = PBXFileReference; fileEncoding = 4; lastKnownFileType = sourcecode.c.h; path = stb_image_resize.h; sourceTree = "<group>"; };
		0A9493EC202D03D4009085C7 /* ImageData.cpp */ = {isa = PBXFileReference; fileEncoding = 4; lastKnownFileType = sourcecode.cpp.cpp; path = ImageData.cpp; sourceTree = "<group>"; };
		0A9493ED202D03D4009085C7 /* Color.cpp */ = {isa = PBXFileReference; fileEncoding = 4; lastKnownFileType = sourcecode.cpp.cpp; path = Color.cpp; sourceTree = "<group>"; };
		0A9493EE202D03D4009085C7 /* stb_image.h */ = {isa = PBXFileReference; fileEncoding = 4; lastKnownFileType = sourcecode.c.h; path = stb_image.h; sourceTree = "<group>"; };
		0A9493EF202D03D4009085C7 /* Path2D.cpp */ = {isa = PBXFileReference; fileEncoding = 4; lastKnownFileType = sourcecode.cpp.cpp; path = Path2D.cpp; sourceTree = "<group>"; };
		0A9493F0202D03D4009085C7 /* rg_etc1.cpp */ = {isa = PBXFileReference; fileEncoding = 4; lastKnownFileType = sourcecode.cpp.cpp; path = rg_etc1.cpp; sourceTree = "<group>"; };
		0A9493F1202D03D4009085C7 /* FloydSteinberg.cpp */ = {isa = PBXFileReference; fileEncoding = 4; lastKnownFileType = sourcecode.cpp.cpp; path = FloydSteinberg.cpp; sourceTree = "<group>"; };
		0A9493F2202D03D4009085C7 /* dxt.h */ = {isa = PBXFileReference; fileEncoding = 4; lastKnownFileType = sourcecode.c.h; path = dxt.h; sourceTree = "<group>"; };
		0A9493F4202D03D4009085C7 /* not-supported.txt */ = {isa = PBXFileReference; fileEncoding = 4; lastKnownFileType = text; path = "not-supported.txt"; sourceTree = "<group>"; };
		0A9493F5202D03D4009085C7 /* gluegen.php */ = {isa = PBXFileReference; fileEncoding = 4; lastKnownFileType = text.script.php; path = gluegen.php; sourceTree = "<group>"; };
		0A9493F6202D03D5009085C7 /* gl2-android9-arm.h */ = {isa = PBXFileReference; fileEncoding = 4; lastKnownFileType = sourcecode.c.h; path = "gl2-android9-arm.h"; sourceTree = "<group>"; };
		0A9493F7202D03D5009085C7 /* glbindings.h */ = {isa = PBXFileReference; fileEncoding = 4; lastKnownFileType = sourcecode.c.h; path = glbindings.h; sourceTree = "<group>"; };
		0A9493F8202D03D5009085C7 /* glbindinit.h */ = {isa = PBXFileReference; fileEncoding = 4; lastKnownFileType = sourcecode.c.h; path = glbindinit.h; sourceTree = "<group>"; };
		0A9493F9202D03D5009085C7 /* glbindings-debugbufferdata.h */ = {isa = PBXFileReference; fileEncoding = 4; lastKnownFileType = sourcecode.c.h; path = "glbindings-debugbufferdata.h"; sourceTree = "<group>"; };
		0A9493FA202D03D5009085C7 /* .gitignore */ = {isa = PBXFileReference; fileEncoding = 4; lastKnownFileType = text; path = .gitignore; sourceTree = "<group>"; };
		0A9493FD202D03D5009085C7 /* image-context.h */ = {isa = PBXFileReference; fileEncoding = 4; lastKnownFileType = sourcecode.c.h; path = "image-context.h"; sourceTree = "<group>"; };
		0A9493FE202D03D5009085C7 /* canvas-context.h */ = {isa = PBXFileReference; fileEncoding = 4; lastKnownFileType = sourcecode.c.h; path = "canvas-context.h"; sourceTree = "<group>"; };
		0A9493FF202D03D5009085C7 /* path2d-context.h */ = {isa = PBXFileReference; fileEncoding = 4; lastKnownFileType = sourcecode.c.h; path = "path2d-context.h"; sourceTree = "<group>"; };
		0A949400202D03D5009085C7 /* imageData-context.h */ = {isa = PBXFileReference; fileEncoding = 4; lastKnownFileType = sourcecode.c.h; path = "imageData-context.h"; sourceTree = "<group>"; };
		0A949401202D03D5009085C7 /* imageBitmap-context.h */ = {isa = PBXFileReference; fileEncoding = 4; lastKnownFileType = sourcecode.c.h; path = "imageBitmap-context.h"; sourceTree = "<group>"; };
		0A949403202D03D5009085C7 /* imageBitmap-context.cc */ = {isa = PBXFileReference; fileEncoding = 4; lastKnownFileType = sourcecode.cpp.cpp; path = "imageBitmap-context.cc"; sourceTree = "<group>"; };
		0A949404202D03D5009085C7 /* path2d-context.cc */ = {isa = PBXFileReference; fileEncoding = 4; lastKnownFileType = sourcecode.cpp.cpp; path = "path2d-context.cc"; sourceTree = "<group>"; };
		0A949405202D03D5009085C7 /* imageData-context.cc */ = {isa = PBXFileReference; fileEncoding = 4; lastKnownFileType = sourcecode.cpp.cpp; path = "imageData-context.cc"; sourceTree = "<group>"; };
		0A949406202D03D5009085C7 /* canvas-context.cc */ = {isa = PBXFileReference; fileEncoding = 4; lastKnownFileType = sourcecode.cpp.cpp; path = "canvas-context.cc"; sourceTree = "<group>"; };
		0A949407202D03D5009085C7 /* image-context.cc */ = {isa = PBXFileReference; fileEncoding = 4; lastKnownFileType = sourcecode.cpp.cpp; path = "image-context.cc"; sourceTree = "<group>"; };
		0A94940A202D03D5009085C7 /* bindings.h */ = {isa = PBXFileReference; fileEncoding = 4; lastKnownFileType = sourcecode.c.h; path = bindings.h; sourceTree = "<group>"; };
		0A94940C202D03D5009085C7 /* bindings.cc */ = {isa = PBXFileReference; fileEncoding = 4; lastKnownFileType = sourcecode.cpp.cpp; path = bindings.cc; sourceTree = "<group>"; };
		0A94940E202D03D5009085C7 /* uv-posix.h */ = {isa = PBXFileReference; fileEncoding = 4; lastKnownFileType = sourcecode.c.h; path = "uv-posix.h"; sourceTree = "<group>"; };
		0A94940F202D03D5009085C7 /* node_api_types.h */ = {isa = PBXFileReference; fileEncoding = 4; lastKnownFileType = sourcecode.c.h; path = node_api_types.h; sourceTree = "<group>"; };
		0A949410202D03D5009085C7 /* node_version.h */ = {isa = PBXFileReference; fileEncoding = 4; lastKnownFileType = sourcecode.c.h; path = node_version.h; sourceTree = "<group>"; };
		0A949412202D03D5009085C7 /* libplatform.h */ = {isa = PBXFileReference; fileEncoding = 4; lastKnownFileType = sourcecode.c.h; path = libplatform.h; sourceTree = "<group>"; };
		0A949413202D03D5009085C7 /* libplatform-export.h */ = {isa = PBXFileReference; fileEncoding = 4; lastKnownFileType = sourcecode.c.h; path = "libplatform-export.h"; sourceTree = "<group>"; };
		0A949414202D03D5009085C7 /* v8-tracing.h */ = {isa = PBXFileReference; fileEncoding = 4; lastKnownFileType = sourcecode.c.h; path = "v8-tracing.h"; sourceTree = "<group>"; };
		0A949415202D03D5009085C7 /* node_buffer.h */ = {isa = PBXFileReference; fileEncoding = 4; lastKnownFileType = sourcecode.c.h; path = node_buffer.h; sourceTree = "<group>"; };
		0A949416202D03D5009085C7 /* uv-unix.h */ = {isa = PBXFileReference; fileEncoding = 4; lastKnownFileType = sourcecode.c.h; path = "uv-unix.h"; sourceTree = "<group>"; };
		0A949417202D03D5009085C7 /* uv-threadpool.h */ = {isa = PBXFileReference; fileEncoding = 4; lastKnownFileType = sourcecode.c.h; path = "uv-threadpool.h"; sourceTree = "<group>"; };
		0A949419202D03D5009085C7 /* nan_converters.h */ = {isa = PBXFileReference; fileEncoding = 4; lastKnownFileType = sourcecode.c.h; path = nan_converters.h; sourceTree = "<group>"; };
		0A94941A202D03D5009085C7 /* nan_implementation_12_inl.h */ = {isa = PBXFileReference; fileEncoding = 4; lastKnownFileType = sourcecode.c.h; path = nan_implementation_12_inl.h; sourceTree = "<group>"; };
		0A94941B202D03D5009085C7 /* nan_maybe_pre_43_inl.h */ = {isa = PBXFileReference; fileEncoding = 4; lastKnownFileType = sourcecode.c.h; path = nan_maybe_pre_43_inl.h; sourceTree = "<group>"; };
		0A94941C202D03D5009085C7 /* nan_callbacks_pre_12_inl.h */ = {isa = PBXFileReference; fileEncoding = 4; lastKnownFileType = sourcecode.c.h; path = nan_callbacks_pre_12_inl.h; sourceTree = "<group>"; };
		0A94941D202D03D5009085C7 /* nan_converters_43_inl.h */ = {isa = PBXFileReference; fileEncoding = 4; lastKnownFileType = sourcecode.c.h; path = nan_converters_43_inl.h; sourceTree = "<group>"; };
		0A94941E202D03D5009085C7 /* nan_string_bytes.h */ = {isa = PBXFileReference; fileEncoding = 4; lastKnownFileType = sourcecode.c.h; path = nan_string_bytes.h; sourceTree = "<group>"; };
		0A94941F202D03D5009085C7 /* nan_callbacks.h */ = {isa = PBXFileReference; fileEncoding = 4; lastKnownFileType = sourcecode.c.h; path = nan_callbacks.h; sourceTree = "<group>"; };
		0A949420202D03D5009085C7 /* nan_persistent_12_inl.h */ = {isa = PBXFileReference; fileEncoding = 4; lastKnownFileType = sourcecode.c.h; path = nan_persistent_12_inl.h; sourceTree = "<group>"; };
		0A949421202D03D5009085C7 /* nan_typedarray_contents.h */ = {isa = PBXFileReference; fileEncoding = 4; lastKnownFileType = sourcecode.c.h; path = nan_typedarray_contents.h; sourceTree = "<group>"; };
		0A949422202D03D5009085C7 /* nan_private.h */ = {isa = PBXFileReference; fileEncoding = 4; lastKnownFileType = sourcecode.c.h; path = nan_private.h; sourceTree = "<group>"; };
		0A949423202D03D5009085C7 /* nan_persistent_pre_12_inl.h */ = {isa = PBXFileReference; fileEncoding = 4; lastKnownFileType = sourcecode.c.h; path = nan_persistent_pre_12_inl.h; sourceTree = "<group>"; };
		0A949424202D03D5009085C7 /* nan_maybe_43_inl.h */ = {isa = PBXFileReference; fileEncoding = 4; lastKnownFileType = sourcecode.c.h; path = nan_maybe_43_inl.h; sourceTree = "<group>"; };
		0A949425202D03D5009085C7 /* nan_callbacks_12_inl.h */ = {isa = PBXFileReference; fileEncoding = 4; lastKnownFileType = sourcecode.c.h; path = nan_callbacks_12_inl.h; sourceTree = "<group>"; };
		0A949426202D03D5009085C7 /* nan_implementation_pre_12_inl.h */ = {isa = PBXFileReference; fileEncoding = 4; lastKnownFileType = sourcecode.c.h; path = nan_implementation_pre_12_inl.h; sourceTree = "<group>"; };
		0A949427202D03D5009085C7 /* nan.h */ = {isa = PBXFileReference; fileEncoding = 4; lastKnownFileType = sourcecode.c.h; path = nan.h; sourceTree = "<group>"; };
		0A949428202D03D5009085C7 /* nan_new.h */ = {isa = PBXFileReference; fileEncoding = 4; lastKnownFileType = sourcecode.c.h; path = nan_new.h; sourceTree = "<group>"; };
		0A949429202D03D5009085C7 /* nan_weak.h */ = {isa = PBXFileReference; fileEncoding = 4; lastKnownFileType = sourcecode.c.h; path = nan_weak.h; sourceTree = "<group>"; };
		0A94942A202D03D5009085C7 /* nan_json.h */ = {isa = PBXFileReference; fileEncoding = 4; lastKnownFileType = sourcecode.c.h; path = nan_json.h; sourceTree = "<group>"; };
		0A94942B202D03D5009085C7 /* nan_object_wrap.h */ = {isa = PBXFileReference; fileEncoding = 4; lastKnownFileType = sourcecode.c.h; path = nan_object_wrap.h; sourceTree = "<group>"; };
		0A94942C202D03D5009085C7 /* nan_converters_pre_43_inl.h */ = {isa = PBXFileReference; fileEncoding = 4; lastKnownFileType = sourcecode.c.h; path = nan_converters_pre_43_inl.h; sourceTree = "<group>"; };
		0A94942D202D03D5009085C7 /* uv.h */ = {isa = PBXFileReference; fileEncoding = 4; lastKnownFileType = sourcecode.c.h; path = uv.h; sourceTree = "<group>"; };
		0A94942E202D03D5009085C7 /* uv-win.h */ = {isa = PBXFileReference; fileEncoding = 4; lastKnownFileType = sourcecode.c.h; path = "uv-win.h"; sourceTree = "<group>"; };
		0A94942F202D03D5009085C7 /* uv-aix.h */ = {isa = PBXFileReference; fileEncoding = 4; lastKnownFileType = sourcecode.c.h; path = "uv-aix.h"; sourceTree = "<group>"; };
		0A949430202D03D5009085C7 /* uv-errno.h */ = {isa = PBXFileReference; fileEncoding = 4; lastKnownFileType = sourcecode.c.h; path = "uv-errno.h"; sourceTree = "<group>"; };
		0A949431202D03D5009085C7 /* tree.h */ = {isa = PBXFileReference; fileEncoding = 4; lastKnownFileType = sourcecode.c.h; path = tree.h; sourceTree = "<group>"; };
		0A949432202D03D5009085C7 /* node.h */ = {isa = PBXFileReference; fileEncoding = 4; lastKnownFileType = sourcecode.c.h; path = node.h; sourceTree = "<group>"; };
		0A949433202D03D5009085C7 /* uv-os390.h */ = {isa = PBXFileReference; fileEncoding = 4; lastKnownFileType = sourcecode.c.h; path = "uv-os390.h"; sourceTree = "<group>"; };
		0A949434202D03D5009085C7 /* uv-sunos.h */ = {isa = PBXFileReference; fileEncoding = 4; lastKnownFileType = sourcecode.c.h; path = "uv-sunos.h"; sourceTree = "<group>"; };
		0A949435202D03D5009085C7 /* node_api.h */ = {isa = PBXFileReference; fileEncoding = 4; lastKnownFileType = sourcecode.c.h; path = node_api.h; sourceTree = "<group>"; };
		0A949436202D03D5009085C7 /* android-ifaddrs.h */ = {isa = PBXFileReference; fileEncoding = 4; lastKnownFileType = sourcecode.c.h; path = "android-ifaddrs.h"; sourceTree = "<group>"; };
		0A949437202D03D5009085C7 /* uv-version.h */ = {isa = PBXFileReference; fileEncoding = 4; lastKnownFileType = sourcecode.c.h; path = "uv-version.h"; sourceTree = "<group>"; };
		0A949438202D03D5009085C7 /* uv-darwin.h */ = {isa = PBXFileReference; fileEncoding = 4; lastKnownFileType = sourcecode.c.h; path = "uv-darwin.h"; sourceTree = "<group>"; };
		0A949439202D03D5009085C7 /* uv-bsd.h */ = {isa = PBXFileReference; fileEncoding = 4; lastKnownFileType = sourcecode.c.h; path = "uv-bsd.h"; sourceTree = "<group>"; };
		0A94943A202D03D5009085C7 /* config.gypi */ = {isa = PBXFileReference; fileEncoding = 4; lastKnownFileType = text; path = config.gypi; sourceTree = "<group>"; };
		0A94943B202D03D5009085C7 /* zlib.h */ = {isa = PBXFileReference; fileEncoding = 4; lastKnownFileType = sourcecode.c.h; path = zlib.h; sourceTree = "<group>"; };
		0A94943C202D03D5009085C7 /* node_object_wrap.h */ = {isa = PBXFileReference; fileEncoding = 4; lastKnownFileType = sourcecode.c.h; path = node_object_wrap.h; sourceTree = "<group>"; };
		0A94943D202D03D5009085C7 /* common.gypi */ = {isa = PBXFileReference; fileEncoding = 4; lastKnownFileType = text; path = common.gypi; sourceTree = "<group>"; };
		0A94943E202D03D5009085C7 /* stdint-msvc2008.h */ = {isa = PBXFileReference; fileEncoding = 4; lastKnownFileType = sourcecode.c.h; path = "stdint-msvc2008.h"; sourceTree = "<group>"; };
		0A949440202D03D5009085C7 /* pem2.h */ = {isa = PBXFileReference; fileEncoding = 4; lastKnownFileType = sourcecode.c.h; path = pem2.h; sourceTree = "<group>"; };
		0A949441202D03D5009085C7 /* pem.h */ = {isa = PBXFileReference; fileEncoding = 4; lastKnownFileType = sourcecode.c.h; path = pem.h; sourceTree = "<group>"; };
		0A949442202D03D5009085C7 /* ssl3.h */ = {isa = PBXFileReference; fileEncoding = 4; lastKnownFileType = sourcecode.c.h; path = ssl3.h; sourceTree = "<group>"; };
		0A949443202D03D5009085C7 /* ossl_typ.h */ = {isa = PBXFileReference; fileEncoding = 4; lastKnownFileType = sourcecode.c.h; path = ossl_typ.h; sourceTree = "<group>"; };
		0A949444202D03D5009085C7 /* dtls1.h */ = {isa = PBXFileReference; fileEncoding = 4; lastKnownFileType = sourcecode.c.h; path = dtls1.h; sourceTree = "<group>"; };
		0A949445202D03D5009085C7 /* err.h */ = {isa = PBXFileReference; fileEncoding = 4; lastKnownFileType = sourcecode.c.h; path = err.h; sourceTree = "<group>"; };
		0A949446202D03D5009085C7 /* bn.h */ = {isa = PBXFileReference; fileEncoding = 4; lastKnownFileType = sourcecode.c.h; path = bn.h; sourceTree = "<group>"; };
		0A949447202D03D5009085C7 /* blowfish.h */ = {isa = PBXFileReference; fileEncoding = 4; lastKnownFileType = sourcecode.c.h; path = blowfish.h; sourceTree = "<group>"; };
		0A949448202D03D5009085C7 /* cms.h */ = {isa = PBXFileReference; fileEncoding = 4; lastKnownFileType = sourcecode.c.h; path = cms.h; sourceTree = "<group>"; };
		0A949449202D03D5009085C7 /* engine.h */ = {isa = PBXFileReference; fileEncoding = 4; lastKnownFileType = sourcecode.c.h; path = engine.h; sourceTree = "<group>"; };
		0A94944A202D03D5009085C7 /* conf_api.h */ = {isa = PBXFileReference; fileEncoding = 4; lastKnownFileType = sourcecode.c.h; path = conf_api.h; sourceTree = "<group>"; };
		0A94944B202D03D5009085C7 /* x509.h */ = {isa = PBXFileReference; fileEncoding = 4; lastKnownFileType = sourcecode.c.h; path = x509.h; sourceTree = "<group>"; };
		0A94944C202D03D5009085C7 /* asn1_mac.h */ = {isa = PBXFileReference; fileEncoding = 4; lastKnownFileType = sourcecode.c.h; path = asn1_mac.h; sourceTree = "<group>"; };
		0A94944D202D03D5009085C7 /* ui.h */ = {isa = PBXFileReference; fileEncoding = 4; lastKnownFileType = sourcecode.c.h; path = ui.h; sourceTree = "<group>"; };
		0A94944E202D03D5009085C7 /* kssl.h */ = {isa = PBXFileReference; fileEncoding = 4; lastKnownFileType = sourcecode.c.h; path = kssl.h; sourceTree = "<group>"; };
		0A94944F202D03D5009085C7 /* sha.h */ = {isa = PBXFileReference; fileEncoding = 4; lastKnownFileType = sourcecode.c.h; path = sha.h; sourceTree = "<group>"; };
		0A949450202D03D5009085C7 /* symhacks.h */ = {isa = PBXFileReference; fileEncoding = 4; lastKnownFileType = sourcecode.c.h; path = symhacks.h; sourceTree = "<group>"; };
		0A949451202D03D5009085C7 /* asn1.h */ = {isa = PBXFileReference; fileEncoding = 4; lastKnownFileType = sourcecode.c.h; path = asn1.h; sourceTree = "<group>"; };
		0A949452202D03D5009085C7 /* opensslconf.h */ = {isa = PBXFileReference; fileEncoding = 4; lastKnownFileType = sourcecode.c.h; path = opensslconf.h; sourceTree = "<group>"; };
		0A949453202D03D5009085C7 /* bio.h */ = {isa = PBXFileReference; fileEncoding = 4; lastKnownFileType = sourcecode.c.h; path = bio.h; sourceTree = "<group>"; };
		0A949454202D03D5009085C7 /* rc2.h */ = {isa = PBXFileReference; fileEncoding = 4; lastKnownFileType = sourcecode.c.h; path = rc2.h; sourceTree = "<group>"; };
		0A949455202D03D5009085C7 /* dh.h */ = {isa = PBXFileReference; fileEncoding = 4; lastKnownFileType = sourcecode.c.h; path = dh.h; sourceTree = "<group>"; };
		0A949456202D03D5009085C7 /* ui_compat.h */ = {isa = PBXFileReference; fileEncoding = 4; lastKnownFileType = sourcecode.c.h; path = ui_compat.h; sourceTree = "<group>"; };
		0A949457202D03D5009085C7 /* x509v3.h */ = {isa = PBXFileReference; fileEncoding = 4; lastKnownFileType = sourcecode.c.h; path = x509v3.h; sourceTree = "<group>"; };
		0A949458202D03D5009085C7 /* ssl23.h */ = {isa = PBXFileReference; fileEncoding = 4; lastKnownFileType = sourcecode.c.h; path = ssl23.h; sourceTree = "<group>"; };
		0A949459202D03D5009085C7 /* conf.h */ = {isa = PBXFileReference; fileEncoding = 4; lastKnownFileType = sourcecode.c.h; path = conf.h; sourceTree = "<group>"; };
		0A94945A202D03D5009085C7 /* md5.h */ = {isa = PBXFileReference; fileEncoding = 4; lastKnownFileType = sourcecode.c.h; path = md5.h; sourceTree = "<group>"; };
		0A94945B202D03D5009085C7 /* x509_vfy.h */ = {isa = PBXFileReference; fileEncoding = 4; lastKnownFileType = sourcecode.c.h; path = x509_vfy.h; sourceTree = "<group>"; };
		0A94945C202D03D5009085C7 /* txt_db.h */ = {isa = PBXFileReference; fileEncoding = 4; lastKnownFileType = sourcecode.c.h; path = txt_db.h; sourceTree = "<group>"; };
		0A94945D202D03D5009085C7 /* safestack.h */ = {isa = PBXFileReference; fileEncoding = 4; lastKnownFileType = sourcecode.c.h; path = safestack.h; sourceTree = "<group>"; };
		0A94945E202D03D5009085C7 /* ecdsa.h */ = {isa = PBXFileReference; fileEncoding = 4; lastKnownFileType = sourcecode.c.h; path = ecdsa.h; sourceTree = "<group>"; };
		0A94945F202D03D5009085C7 /* objects.h */ = {isa = PBXFileReference; fileEncoding = 4; lastKnownFileType = sourcecode.c.h; path = objects.h; sourceTree = "<group>"; };
		0A949460202D03D5009085C7 /* pkcs12.h */ = {isa = PBXFileReference; fileEncoding = 4; lastKnownFileType = sourcecode.c.h; path = pkcs12.h; sourceTree = "<group>"; };
		0A949461202D03D5009085C7 /* crypto.h */ = {isa = PBXFileReference; fileEncoding = 4; lastKnownFileType = sourcecode.c.h; path = crypto.h; sourceTree = "<group>"; };
		0A949462202D03D5009085C7 /* opensslv.h */ = {isa = PBXFileReference; fileEncoding = 4; lastKnownFileType = sourcecode.c.h; path = opensslv.h; sourceTree = "<group>"; };
		0A949463202D03D5009085C7 /* pkcs7.h */ = {isa = PBXFileReference; fileEncoding = 4; lastKnownFileType = sourcecode.c.h; path = pkcs7.h; sourceTree = "<group>"; };
		0A949464202D03D5009085C7 /* obj_mac.h */ = {isa = PBXFileReference; fileEncoding = 4; lastKnownFileType = sourcecode.c.h; path = obj_mac.h; sourceTree = "<group>"; };
		0A949465202D03D5009085C7 /* buffer.h */ = {isa = PBXFileReference; fileEncoding = 4; lastKnownFileType = sourcecode.c.h; path = buffer.h; sourceTree = "<group>"; };
		0A949466202D03D5009085C7 /* ssl.h */ = {isa = PBXFileReference; fileEncoding = 4; lastKnownFileType = sourcecode.c.h; path = ssl.h; sourceTree = "<group>"; };
		0A949467202D03D5009085C7 /* srp.h */ = {isa = PBXFileReference; fileEncoding = 4; lastKnownFileType = sourcecode.c.h; path = srp.h; sourceTree = "<group>"; };
		0A949468202D03D5009085C7 /* camellia.h */ = {isa = PBXFileReference; fileEncoding = 4; lastKnownFileType = sourcecode.c.h; path = camellia.h; sourceTree = "<group>"; };
		0A949469202D03D5009085C7 /* evp.h */ = {isa = PBXFileReference; fileEncoding = 4; lastKnownFileType = sourcecode.c.h; path = evp.h; sourceTree = "<group>"; };
		0A94946A202D03D5009085C7 /* e_os2.h */ = {isa = PBXFileReference; fileEncoding = 4; lastKnownFileType = sourcecode.c.h; path = e_os2.h; sourceTree = "<group>"; };
		0A94946B202D03D5009085C7 /* md4.h */ = {isa = PBXFileReference; fileEncoding = 4; lastKnownFileType = sourcecode.c.h; path = md4.h; sourceTree = "<group>"; };
		0A94946C202D03D5009085C7 /* hmac.h */ = {isa = PBXFileReference; fileEncoding = 4; lastKnownFileType = sourcecode.c.h; path = hmac.h; sourceTree = "<group>"; };
		0A94946D202D03D5009085C7 /* aes.h */ = {isa = PBXFileReference; fileEncoding = 4; lastKnownFileType = sourcecode.c.h; path = aes.h; sourceTree = "<group>"; };
		0A94946E202D03D5009085C7 /* comp.h */ = {isa = PBXFileReference; fileEncoding = 4; lastKnownFileType = sourcecode.c.h; path = comp.h; sourceTree = "<group>"; };
		0A94946F202D03D5009085C7 /* cast.h */ = {isa = PBXFileReference; fileEncoding = 4; lastKnownFileType = sourcecode.c.h; path = cast.h; sourceTree = "<group>"; };
		0A949470202D03D5009085C7 /* rc4.h */ = {isa = PBXFileReference; fileEncoding = 4; lastKnownFileType = sourcecode.c.h; path = rc4.h; sourceTree = "<group>"; };
		0A949471202D03D5009085C7 /* stack.h */ = {isa = PBXFileReference; fileEncoding = 4; lastKnownFileType = sourcecode.c.h; path = stack.h; sourceTree = "<group>"; };
		0A949472202D03D5009085C7 /* des.h */ = {isa = PBXFileReference; fileEncoding = 4; lastKnownFileType = sourcecode.c.h; path = des.h; sourceTree = "<group>"; };
		0A949473202D03D5009085C7 /* ocsp.h */ = {isa = PBXFileReference; fileEncoding = 4; lastKnownFileType = sourcecode.c.h; path = ocsp.h; sourceTree = "<group>"; };
		0A949474202D03D5009085C7 /* ec.h */ = {isa = PBXFileReference; fileEncoding = 4; lastKnownFileType = sourcecode.c.h; path = ec.h; sourceTree = "<group>"; };
		0A949475202D03D5009085C7 /* ecdh.h */ = {isa = PBXFileReference; fileEncoding = 4; lastKnownFileType = sourcecode.c.h; path = ecdh.h; sourceTree = "<group>"; };
		0A949476202D03D5009085C7 /* rand.h */ = {isa = PBXFileReference; fileEncoding = 4; lastKnownFileType = sourcecode.c.h; path = rand.h; sourceTree = "<group>"; };
		0A949477202D03D5009085C7 /* ts.h */ = {isa = PBXFileReference; fileEncoding = 4; lastKnownFileType = sourcecode.c.h; path = ts.h; sourceTree = "<group>"; };
		0A949478202D03D5009085C7 /* pqueue.h */ = {isa = PBXFileReference; fileEncoding = 4; lastKnownFileType = sourcecode.c.h; path = pqueue.h; sourceTree = "<group>"; };
		0A949479202D03D5009085C7 /* dso.h */ = {isa = PBXFileReference; fileEncoding = 4; lastKnownFileType = sourcecode.c.h; path = dso.h; sourceTree = "<group>"; };
		0A94947A202D03D5009085C7 /* seed.h */ = {isa = PBXFileReference; fileEncoding = 4; lastKnownFileType = sourcecode.c.h; path = seed.h; sourceTree = "<group>"; };
		0A94947D202D03D5009085C7 /* opensslconf.h */ = {isa = PBXFileReference; fileEncoding = 4; lastKnownFileType = sourcecode.c.h; path = opensslconf.h; sourceTree = "<group>"; };
		0A94947F202D03D5009085C7 /* opensslconf.h */ = {isa = PBXFileReference; fileEncoding = 4; lastKnownFileType = sourcecode.c.h; path = opensslconf.h; sourceTree = "<group>"; };
		0A949481202D03D5009085C7 /* opensslconf.h */ = {isa = PBXFileReference; fileEncoding = 4; lastKnownFileType = sourcecode.c.h; path = opensslconf.h; sourceTree = "<group>"; };
		0A949483202D03D5009085C7 /* opensslconf.h */ = {isa = PBXFileReference; fileEncoding = 4; lastKnownFileType = sourcecode.c.h; path = opensslconf.h; sourceTree = "<group>"; };
		0A949485202D03D5009085C7 /* opensslconf.h */ = {isa = PBXFileReference; fileEncoding = 4; lastKnownFileType = sourcecode.c.h; path = opensslconf.h; sourceTree = "<group>"; };
		0A949487202D03D5009085C7 /* opensslconf.h */ = {isa = PBXFileReference; fileEncoding = 4; lastKnownFileType = sourcecode.c.h; path = opensslconf.h; sourceTree = "<group>"; };
		0A949489202D03D5009085C7 /* opensslconf.h */ = {isa = PBXFileReference; fileEncoding = 4; lastKnownFileType = sourcecode.c.h; path = opensslconf.h; sourceTree = "<group>"; };
		0A94948B202D03D5009085C7 /* opensslconf.h */ = {isa = PBXFileReference; fileEncoding = 4; lastKnownFileType = sourcecode.c.h; path = opensslconf.h; sourceTree = "<group>"; };
		0A94948D202D03D5009085C7 /* opensslconf.h */ = {isa = PBXFileReference; fileEncoding = 4; lastKnownFileType = sourcecode.c.h; path = opensslconf.h; sourceTree = "<group>"; };
		0A94948F202D03D5009085C7 /* opensslconf.h */ = {isa = PBXFileReference; fileEncoding = 4; lastKnownFileType = sourcecode.c.h; path = opensslconf.h; sourceTree = "<group>"; };
		0A949491202D03D5009085C7 /* opensslconf.h */ = {isa = PBXFileReference; fileEncoding = 4; lastKnownFileType = sourcecode.c.h; path = opensslconf.h; sourceTree = "<group>"; };
		0A949493202D03D5009085C7 /* opensslconf.h */ = {isa = PBXFileReference; fileEncoding = 4; lastKnownFileType = sourcecode.c.h; path = opensslconf.h; sourceTree = "<group>"; };
		0A949495202D03D5009085C7 /* opensslconf.h */ = {isa = PBXFileReference; fileEncoding = 4; lastKnownFileType = sourcecode.c.h; path = opensslconf.h; sourceTree = "<group>"; };
		0A949497202D03D5009085C7 /* opensslconf.h */ = {isa = PBXFileReference; fileEncoding = 4; lastKnownFileType = sourcecode.c.h; path = opensslconf.h; sourceTree = "<group>"; };
		0A949499202D03D5009085C7 /* opensslconf.h */ = {isa = PBXFileReference; fileEncoding = 4; lastKnownFileType = sourcecode.c.h; path = opensslconf.h; sourceTree = "<group>"; };
		0A94949B202D03D5009085C7 /* opensslconf.h */ = {isa = PBXFileReference; fileEncoding = 4; lastKnownFileType = sourcecode.c.h; path = opensslconf.h; sourceTree = "<group>"; };
		0A94949D202D03D5009085C7 /* opensslconf.h */ = {isa = PBXFileReference; fileEncoding = 4; lastKnownFileType = sourcecode.c.h; path = opensslconf.h; sourceTree = "<group>"; };
		0A94949F202D03D5009085C7 /* opensslconf.h */ = {isa = PBXFileReference; fileEncoding = 4; lastKnownFileType = sourcecode.c.h; path = opensslconf.h; sourceTree = "<group>"; };
		0A9494A1202D03D5009085C7 /* opensslconf.h */ = {isa = PBXFileReference; fileEncoding = 4; lastKnownFileType = sourcecode.c.h; path = opensslconf.h; sourceTree = "<group>"; };
		0A9494A2202D03D5009085C7 /* modes.h */ = {isa = PBXFileReference; fileEncoding = 4; lastKnownFileType = sourcecode.c.h; path = modes.h; sourceTree = "<group>"; };
		0A9494A3202D03D5009085C7 /* ssl2.h */ = {isa = PBXFileReference; fileEncoding = 4; lastKnownFileType = sourcecode.c.h; path = ssl2.h; sourceTree = "<group>"; };
		0A9494A4202D03D5009085C7 /* rsa.h */ = {isa = PBXFileReference; fileEncoding = 4; lastKnownFileType = sourcecode.c.h; path = rsa.h; sourceTree = "<group>"; };
		0A9494A5202D03D5009085C7 /* krb5_asn.h */ = {isa = PBXFileReference; fileEncoding = 4; lastKnownFileType = sourcecode.c.h; path = krb5_asn.h; sourceTree = "<group>"; };
		0A9494A6202D03D5009085C7 /* des_old.h */ = {isa = PBXFileReference; fileEncoding = 4; lastKnownFileType = sourcecode.c.h; path = des_old.h; sourceTree = "<group>"; };
		0A9494A7202D03D5009085C7 /* ripemd.h */ = {isa = PBXFileReference; fileEncoding = 4; lastKnownFileType = sourcecode.c.h; path = ripemd.h; sourceTree = "<group>"; };
		0A9494A8202D03D5009085C7 /* whrlpool.h */ = {isa = PBXFileReference; fileEncoding = 4; lastKnownFileType = sourcecode.c.h; path = whrlpool.h; sourceTree = "<group>"; };
		0A9494A9202D03D5009085C7 /* tls1.h */ = {isa = PBXFileReference; fileEncoding = 4; lastKnownFileType = sourcecode.c.h; path = tls1.h; sourceTree = "<group>"; };
		0A9494AA202D03D5009085C7 /* mdc2.h */ = {isa = PBXFileReference; fileEncoding = 4; lastKnownFileType = sourcecode.c.h; path = mdc2.h; sourceTree = "<group>"; };
		0A9494AB202D03D5009085C7 /* dsa.h */ = {isa = PBXFileReference; fileEncoding = 4; lastKnownFileType = sourcecode.c.h; path = dsa.h; sourceTree = "<group>"; };
		0A9494AC202D03D5009085C7 /* srtp.h */ = {isa = PBXFileReference; fileEncoding = 4; lastKnownFileType = sourcecode.c.h; path = srtp.h; sourceTree = "<group>"; };
		0A9494AD202D03D5009085C7 /* asn1t.h */ = {isa = PBXFileReference; fileEncoding = 4; lastKnownFileType = sourcecode.c.h; path = asn1t.h; sourceTree = "<group>"; };
		0A9494AE202D03D5009085C7 /* cmac.h */ = {isa = PBXFileReference; fileEncoding = 4; lastKnownFileType = sourcecode.c.h; path = cmac.h; sourceTree = "<group>"; };
		0A9494AF202D03D5009085C7 /* ebcdic.h */ = {isa = PBXFileReference; fileEncoding = 4; lastKnownFileType = sourcecode.c.h; path = ebcdic.h; sourceTree = "<group>"; };
		0A9494B0202D03D5009085C7 /* idea.h */ = {isa = PBXFileReference; fileEncoding = 4; lastKnownFileType = sourcecode.c.h; path = idea.h; sourceTree = "<group>"; };
		0A9494B1202D03D5009085C7 /* lhash.h */ = {isa = PBXFileReference; fileEncoding = 4; lastKnownFileType = sourcecode.c.h; path = lhash.h; sourceTree = "<group>"; };
		0A9494B2202D03D5009085C7 /* uv-linux.h */ = {isa = PBXFileReference; fileEncoding = 4; lastKnownFileType = sourcecode.c.h; path = "uv-linux.h"; sourceTree = "<group>"; };
		0A9494B3202D03D5009085C7 /* zconf.h */ = {isa = PBXFileReference; fileEncoding = 4; lastKnownFileType = sourcecode.c.h; path = zconf.h; sourceTree = "<group>"; };
		0A9494B4202D03D5009085C7 /* pthread-barrier.h */ = {isa = PBXFileReference; fileEncoding = 4; lastKnownFileType = sourcecode.c.h; path = "pthread-barrier.h"; sourceTree = "<group>"; };
		0A9494B7202D03D5009085C7 /* v8-platform.h */ = {isa = PBXFileReference; fileEncoding = 4; lastKnownFileType = sourcecode.c.h; path = "v8-platform.h"; sourceTree = "<group>"; };
		0A9494B8202D03D5009085C7 /* v8-version.h */ = {isa = PBXFileReference; fileEncoding = 4; lastKnownFileType = sourcecode.c.h; path = "v8-version.h"; sourceTree = "<group>"; };
		0A9494B9202D03D5009085C7 /* v8-inspector-protocol.h */ = {isa = PBXFileReference; fileEncoding = 4; lastKnownFileType = sourcecode.c.h; path = "v8-inspector-protocol.h"; sourceTree = "<group>"; };
		0A9494BA202D03D5009085C7 /* v8-testing.h */ = {isa = PBXFileReference; fileEncoding = 4; lastKnownFileType = sourcecode.c.h; path = "v8-testing.h"; sourceTree = "<group>"; };
		0A9494BB202D03D5009085C7 /* v8-profiler.h */ = {isa = PBXFileReference; fileEncoding = 4; lastKnownFileType = sourcecode.c.h; path = "v8-profiler.h"; sourceTree = "<group>"; };
		0A9494BC202D03D5009085C7 /* v8.h */ = {isa = PBXFileReference; fileEncoding = 4; lastKnownFileType = sourcecode.c.h; path = v8.h; sourceTree = "<group>"; };
		0A9494BD202D03D5009085C7 /* v8-util.h */ = {isa = PBXFileReference; fileEncoding = 4; lastKnownFileType = sourcecode.c.h; path = "v8-util.h"; sourceTree = "<group>"; };
		0A9494BE202D03D5009085C7 /* v8-debug.h */ = {isa = PBXFileReference; fileEncoding = 4; lastKnownFileType = sourcecode.c.h; path = "v8-debug.h"; sourceTree = "<group>"; };
		0A9494BF202D03D5009085C7 /* v8-value-serializer-version.h */ = {isa = PBXFileReference; fileEncoding = 4; lastKnownFileType = sourcecode.c.h; path = "v8-value-serializer-version.h"; sourceTree = "<group>"; };
		0A9494C0202D03D5009085C7 /* v8config.h */ = {isa = PBXFileReference; fileEncoding = 4; lastKnownFileType = sourcecode.c.h; path = v8config.h; sourceTree = "<group>"; };
		0A9494C1202D03D5009085C7 /* v8-version-string.h */ = {isa = PBXFileReference; fileEncoding = 4; lastKnownFileType = sourcecode.c.h; path = "v8-version-string.h"; sourceTree = "<group>"; };
		0A9494C2202D03D5009085C7 /* v8-inspector.h */ = {isa = PBXFileReference; fileEncoding = 4; lastKnownFileType = sourcecode.c.h; path = "v8-inspector.h"; sourceTree = "<group>"; };
		0A9494C4202D03D5009085C7 /* v8-platform.h */ = {isa = PBXFileReference; fileEncoding = 4; lastKnownFileType = sourcecode.c.h; path = "v8-platform.h"; sourceTree = "<group>"; };
		0A9494C5202D03D5009085C7 /* v8-version.h */ = {isa = PBXFileReference; fileEncoding = 4; lastKnownFileType = sourcecode.c.h; path = "v8-version.h"; sourceTree = "<group>"; };
		0A9494C6202D03D5009085C7 /* v8-inspector-protocol.h */ = {isa = PBXFileReference; fileEncoding = 4; lastKnownFileType = sourcecode.c.h; path = "v8-inspector-protocol.h"; sourceTree = "<group>"; };
		0A9494C7202D03D5009085C7 /* v8-profiler.h */ = {isa = PBXFileReference; fileEncoding = 4; lastKnownFileType = sourcecode.c.h; path = "v8-profiler.h"; sourceTree = "<group>"; };
		0A9494C8202D03D5009085C7 /* v8.h */ = {isa = PBXFileReference; fileEncoding = 4; lastKnownFileType = sourcecode.c.h; path = v8.h; sourceTree = "<group>"; };
		0A9494C9202D03D5009085C7 /* v8-debug.h */ = {isa = PBXFileReference; fileEncoding = 4; lastKnownFileType = sourcecode.c.h; path = "v8-debug.h"; sourceTree = "<group>"; };
		0A9494CA202D03D5009085C7 /* v8config.h */ = {isa = PBXFileReference; fileEncoding = 4; lastKnownFileType = sourcecode.c.h; path = v8config.h; sourceTree = "<group>"; };
		0A9494CB202D03D5009085C7 /* v8-inspector.h */ = {isa = PBXFileReference; fileEncoding = 4; lastKnownFileType = sourcecode.c.h; path = "v8-inspector.h"; sourceTree = "<group>"; };
		0A9494CD202D03D5009085C7 /* v8.h */ = {isa = PBXFileReference; fileEncoding = 4; lastKnownFileType = sourcecode.c.h; path = v8.h; sourceTree = "<group>"; };
		0A9494CF202D03D5009085C7 /* Android.mk */ = {isa = PBXFileReference; fileEncoding = 4; lastKnownFileType = text; path = Android.mk; sourceTree = "<group>"; };
		0A9494D0202D03D5009085C7 /* android_native_app_glue.h */ = {isa = PBXFileReference; fileEncoding = 4; lastKnownFileType = sourcecode.c.h; path = android_native_app_glue.h; sourceTree = "<group>"; };
		0A9494D1202D03D5009085C7 /* NOTICE */ = {isa = PBXFileReference; fileEncoding = 4; lastKnownFileType = text; path = NOTICE; sourceTree = "<group>"; };
		0A9494D2202D03D5009085C7 /* repo.prop */ = {isa = PBXFileReference; fileEncoding = 4; lastKnownFileType = text; path = repo.prop; sourceTree = "<group>"; };
		0A9494D3202D03D5009085C7 /* android_native_app_glue.c */ = {isa = PBXFileReference; fileEncoding = 4; lastKnownFileType = sourcecode.c.c; path = android_native_app_glue.c; sourceTree = "<group>"; };
		0A9494D6202D03D5009085C7 /* nanosvg.h */ = {isa = PBXFileReference; fileEncoding = 4; lastKnownFileType = sourcecode.c.h; path = nanosvg.h; sourceTree = "<group>"; };
		0A9494D7202D03D5009085C7 /* nanosvgrast.h */ = {isa = PBXFileReference; fileEncoding = 4; lastKnownFileType = sourcecode.c.h; path = nanosvgrast.h; sourceTree = "<group>"; };
		0A9494D9202D03D5009085C7 /* nanosvg.cpp */ = {isa = PBXFileReference; fileEncoding = 4; lastKnownFileType = sourcecode.cpp.cpp; path = nanosvg.cpp; sourceTree = "<group>"; };
		0A949654202D052F009085C7 /* ChakraCommonWindows.h */ = {isa = PBXFileReference; fileEncoding = 4; lastKnownFileType = sourcecode.c.h; path = ChakraCommonWindows.h; sourceTree = "<group>"; };
		0A949655202D052F009085C7 /* ChakraCoreVersion.h */ = {isa = PBXFileReference; fileEncoding = 4; lastKnownFileType = sourcecode.c.h; path = ChakraCoreVersion.h; sourceTree = "<group>"; };
		0A949656202D052F009085C7 /* ChakraDebug.h */ = {isa = PBXFileReference; fileEncoding = 4; lastKnownFileType = sourcecode.c.h; path = ChakraDebug.h; sourceTree = "<group>"; };
		0A949657202D052F009085C7 /* ChakraCore.h */ = {isa = PBXFileReference; fileEncoding = 4; lastKnownFileType = sourcecode.c.h; path = ChakraCore.h; sourceTree = "<group>"; };
		0A949658202D0530009085C7 /* ChakraCommon.h */ = {isa = PBXFileReference; fileEncoding = 4; lastKnownFileType = sourcecode.c.h; path = ChakraCommon.h; sourceTree = "<group>"; };
		0ABCD851202BC5940022BBF3 /* node-service.h */ = {isa = PBXFileReference; fileEncoding = 4; lastKnownFileType = sourcecode.c.h; path = "node-service.h"; sourceTree = "<group>"; };
		0ACDC380202BA1DD00E533FA /* QuartzCore.framework */ = {isa = PBXFileReference; lastKnownFileType = wrapper.framework; name = QuartzCore.framework; path = System/Library/Frameworks/QuartzCore.framework; sourceTree = SDKROOT; };
		0ACDCBCB202B9E6600E4C0F9 /* OpenGLES.framework */ = {isa = PBXFileReference; lastKnownFileType = wrapper.framework; name = OpenGLES.framework; path = System/Library/Frameworks/OpenGLES.framework; sourceTree = SDKROOT; };
		0ACFE83A202D14C20088926D /* v8-platform.h */ = {isa = PBXFileReference; fileEncoding = 4; lastKnownFileType = sourcecode.c.h; path = "v8-platform.h"; sourceTree = "<group>"; };
		0ACFE84B202D22EC0088926D /* NodeMobile.framework */ = {isa = PBXFileReference; lastKnownFileType = wrapper.framework; path = NodeMobile.framework; sourceTree = "<group>"; };
		DF1642441F0CDFD70009DE88 /* exokit-ios.app */ = {isa = PBXFileReference; explicitFileType = wrapper.application; includeInIndex = 0; path = "exokit-ios.app"; sourceTree = BUILT_PRODUCTS_DIR; };
		DF1642471F0CDFD70009DE88 /* AppDelegate.h */ = {isa = PBXFileReference; lastKnownFileType = sourcecode.c.h; path = AppDelegate.h; sourceTree = "<group>"; };
		DF1642481F0CDFD70009DE88 /* AppDelegate.m */ = {isa = PBXFileReference; lastKnownFileType = sourcecode.c.objc; path = AppDelegate.m; sourceTree = "<group>"; };
		DF16424A1F0CDFD70009DE88 /* ViewController.h */ = {isa = PBXFileReference; lastKnownFileType = sourcecode.c.h; path = ViewController.h; sourceTree = "<group>"; };
		DF16424B1F0CDFD70009DE88 /* ViewController.m */ = {isa = PBXFileReference; lastKnownFileType = sourcecode.c.objc; path = ViewController.m; sourceTree = "<group>"; };
		DF16424E1F0CDFD70009DE88 /* Base */ = {isa = PBXFileReference; lastKnownFileType = file.storyboard; name = Base; path = Base.lproj/Main.storyboard; sourceTree = "<group>"; };
		DF1642501F0CDFD70009DE88 /* Assets.xcassets */ = {isa = PBXFileReference; lastKnownFileType = folder.assetcatalog; path = Assets.xcassets; sourceTree = "<group>"; };
		DF1642531F0CDFD70009DE88 /* Base */ = {isa = PBXFileReference; lastKnownFileType = file.storyboard; name = Base; path = Base.lproj/LaunchScreen.storyboard; sourceTree = "<group>"; };
		DF1642551F0CDFD70009DE88 /* Info.plist */ = {isa = PBXFileReference; lastKnownFileType = text.plist.xml; path = Info.plist; sourceTree = "<group>"; };
		DF1642561F0CDFD70009DE88 /* main.m */ = {isa = PBXFileReference; lastKnownFileType = sourcecode.c.objc; path = main.m; sourceTree = "<group>"; };
		DF16425D1F0CE0360009DE88 /* ARRenderer.h */ = {isa = PBXFileReference; lastKnownFileType = sourcecode.c.h; path = ARRenderer.h; sourceTree = "<group>"; };
		DF16425E1F0CE0360009DE88 /* ARRenderer.m */ = {isa = PBXFileReference; lastKnownFileType = sourcecode.c.objc; path = ARRenderer.m; sourceTree = "<group>"; };
		DF1642601F0CE8AD0009DE88 /* Camera.fsh */ = {isa = PBXFileReference; lastKnownFileType = sourcecode.glsl; path = Camera.fsh; sourceTree = "<group>"; };
		DF1642621F0CE8B90009DE88 /* Camera.vsh */ = {isa = PBXFileReference; lastKnownFileType = sourcecode.glsl; path = Camera.vsh; sourceTree = "<group>"; };
		DF1642641F0E15E60009DE88 /* Anchor.vsh */ = {isa = PBXFileReference; lastKnownFileType = sourcecode.glsl; path = Anchor.vsh; sourceTree = "<group>"; };
		DF1642651F0E15E60009DE88 /* Anchor.fsh */ = {isa = PBXFileReference; lastKnownFileType = sourcecode.glsl; path = Anchor.fsh; sourceTree = "<group>"; };
		DF8FFAA01F87D941003004E0 /* GLProgram.m */ = {isa = PBXFileReference; lastKnownFileType = sourcecode.c.objc; path = GLProgram.m; sourceTree = "<group>"; };
		DF8FFAA11F87D942003004E0 /* GLProgram.h */ = {isa = PBXFileReference; lastKnownFileType = sourcecode.c.h; path = GLProgram.h; sourceTree = "<group>"; };
/* End PBXFileReference section */

/* Begin PBXFrameworksBuildPhase section */
		DF1642411F0CDFD70009DE88 /* Frameworks */ = {
			isa = PBXFrameworksBuildPhase;
			buildActionMask = 2147483647;
			files = (
				0ACDC381202BA1DD00E533FA /* QuartzCore.framework in Frameworks */,
				0ACFE84D202D22EC0088926D /* NodeMobile.framework in Frameworks */,
				0ACFE84F202D23890088926D /* NodeMobile.framework in Frameworks */,
				0ACDCBCC202B9E6600E4C0F9 /* OpenGLES.framework in Frameworks */,
			);
			runOnlyForDeploymentPostprocessing = 0;
		};
/* End PBXFrameworksBuildPhase section */

/* Begin PBXGroup section */
		0A9493A3202D03D4009085C7 /* deps */ = {
			isa = PBXGroup;
			children = (
				0ACFE84A202D22EC0088926D /* node-mobile */,
				0A9493A7202D03D4009085C7 /* exokit-bindings */,
			);
			path = deps;
			sourceTree = "<group>";
		};
		0A9493A7202D03D4009085C7 /* exokit-bindings */ = {
			isa = PBXGroup;
			children = (
				0A9493A8202D03D4009085C7 /* webglcontext */,
				0A9493AD202D03D4009085C7 /* util */,
				0A9493B0202D03D4009085C7 /* utf8 */,
				0A9493B6202D03D4009085C7 /* platform */,
				0A9493CB202D03D4009085C7 /* canvas */,
				0A9493F3202D03D4009085C7 /* gluegen */,
				0A9493FA202D03D5009085C7 /* .gitignore */,
				0A9493FB202D03D5009085C7 /* canvascontext */,
				0A949408202D03D5009085C7 /* bindings */,
				0A94940D202D03D5009085C7 /* node */,
				0A9494B5202D03D5009085C7 /* engine */,
				0A9494CE202D03D5009085C7 /* native_app_glue */,
				0A9494D4202D03D5009085C7 /* nanosvg */,
			);
			path = "exokit-bindings";
			sourceTree = "<group>";
		};
		0A9493A8202D03D4009085C7 /* webglcontext */ = {
			isa = PBXGroup;
			children = (
				0A9493A9202D03D4009085C7 /* include */,
				0A9493AB202D03D4009085C7 /* src */,
			);
			path = webglcontext;
			sourceTree = "<group>";
		};
		0A9493A9202D03D4009085C7 /* include */ = {
			isa = PBXGroup;
			children = (
				0A9493AA202D03D4009085C7 /* webgl.h */,
			);
			path = include;
			sourceTree = "<group>";
		};
		0A9493AB202D03D4009085C7 /* src */ = {
			isa = PBXGroup;
			children = (
				0A9493AC202D03D4009085C7 /* webgl.cc */,
			);
			path = src;
			sourceTree = "<group>";
		};
		0A9493AD202D03D4009085C7 /* util */ = {
			isa = PBXGroup;
			children = (
				0A9493AE202D03D4009085C7 /* include */,
			);
			path = util;
			sourceTree = "<group>";
		};
		0A9493AE202D03D4009085C7 /* include */ = {
			isa = PBXGroup;
			children = (
				0A9493AF202D03D4009085C7 /* defines.h */,
			);
			path = include;
			sourceTree = "<group>";
		};
		0A9493B0202D03D4009085C7 /* utf8 */ = {
			isa = PBXGroup;
			children = (
				0A9493B1202D03D4009085C7 /* utf8 */,
				0A9493B5202D03D4009085C7 /* utf8.h */,
			);
			path = utf8;
			sourceTree = "<group>";
		};
		0A9493B1202D03D4009085C7 /* utf8 */ = {
			isa = PBXGroup;
			children = (
				0A9493B2202D03D4009085C7 /* core.h */,
				0A9493B3202D03D4009085C7 /* unchecked.h */,
				0A9493B4202D03D4009085C7 /* checked.h */,
			);
			path = utf8;
			sourceTree = "<group>";
		};
		0A9493B6202D03D4009085C7 /* platform */ = {
			isa = PBXGroup;
			children = (
				0A9493B7202D03D4009085C7 /* macos */,
				0A9493BC202D03D4009085C7 /* linux */,
				0A9493C1202D03D4009085C7 /* android */,
				0A9493C6202D03D4009085C7 /* windows */,
			);
			path = platform;
			sourceTree = "<group>";
		};
		0A9493B7202D03D4009085C7 /* macos */ = {
			isa = PBXGroup;
			children = (
				0A9493B8202D03D4009085C7 /* include */,
				0A9493BA202D03D4009085C7 /* src */,
			);
			path = macos;
			sourceTree = "<group>";
		};
		0A9493B8202D03D4009085C7 /* include */ = {
			isa = PBXGroup;
			children = (
				0A9493B9202D03D4009085C7 /* ContextQuartz2D.h */,
			);
			path = include;
			sourceTree = "<group>";
		};
		0A9493BA202D03D4009085C7 /* src */ = {
			isa = PBXGroup;
			children = (
				0A9493BB202D03D4009085C7 /* ContextQuartz2D.cpp */,
			);
			path = src;
			sourceTree = "<group>";
		};
		0A9493BC202D03D4009085C7 /* linux */ = {
			isa = PBXGroup;
			children = (
				0A9493BD202D03D4009085C7 /* include */,
				0A9493BF202D03D4009085C7 /* src */,
			);
			path = linux;
			sourceTree = "<group>";
		};
		0A9493BD202D03D4009085C7 /* include */ = {
			isa = PBXGroup;
			children = (
				0A9493BE202D03D4009085C7 /* ContextCairo.h */,
			);
			path = include;
			sourceTree = "<group>";
		};
		0A9493BF202D03D4009085C7 /* src */ = {
			isa = PBXGroup;
			children = (
				0A9493C0202D03D4009085C7 /* ContextCairo.cpp */,
			);
			path = src;
			sourceTree = "<group>";
		};
		0A9493C1202D03D4009085C7 /* android */ = {
			isa = PBXGroup;
			children = (
				0A9493C2202D03D4009085C7 /* include */,
				0A9493C4202D03D4009085C7 /* src */,
			);
			path = android;
			sourceTree = "<group>";
		};
		0A9493C2202D03D4009085C7 /* include */ = {
			isa = PBXGroup;
			children = (
				0A9493C3202D03D4009085C7 /* ContextAndroid.h */,
			);
			path = include;
			sourceTree = "<group>";
		};
		0A9493C4202D03D4009085C7 /* src */ = {
			isa = PBXGroup;
			children = (
				0A9493C5202D03D4009085C7 /* ContextAndroid.cpp */,
			);
			path = src;
			sourceTree = "<group>";
		};
		0A9493C6202D03D4009085C7 /* windows */ = {
			isa = PBXGroup;
			children = (
				0A9493C7202D03D4009085C7 /* include */,
				0A9493C9202D03D4009085C7 /* src */,
			);
			path = windows;
			sourceTree = "<group>";
		};
		0A9493C7202D03D4009085C7 /* include */ = {
			isa = PBXGroup;
			children = (
				0A9493C8202D03D4009085C7 /* ContextGDIPlus.h */,
			);
			path = include;
			sourceTree = "<group>";
		};
		0A9493C9202D03D4009085C7 /* src */ = {
			isa = PBXGroup;
			children = (
				0A9493CA202D03D4009085C7 /* ContextGDIPlus.cpp */,
			);
			path = src;
			sourceTree = "<group>";
		};
		0A9493CB202D03D4009085C7 /* canvas */ = {
			isa = PBXGroup;
			children = (
				0A9493CC202D03D4009085C7 /* include */,
				0A9493E6202D03D4009085C7 /* src */,
			);
			path = canvas;
			sourceTree = "<group>";
		};
		0A9493CC202D03D4009085C7 /* include */ = {
			isa = PBXGroup;
			children = (
				0A9493CD202D03D4009085C7 /* PackedImageData.h */,
				0A9493CE202D03D4009085C7 /* TextMetrics.h */,
				0A9493CF202D03D4009085C7 /* Style.h */,
				0A9493D0202D03D4009085C7 /* Point.h */,
				0A9493D1202D03D4009085C7 /* Surface.h */,
				0A9493D2202D03D4009085C7 /* FloydSteinberg.h */,
				0A9493D3202D03D4009085C7 /* Operator.h */,
				0A9493D4202D03D4009085C7 /* ImageData.h */,
				0A9493D5202D03D4009085C7 /* HitRegion.h */,
				0A9493D6202D03D4009085C7 /* Context.h */,
				0A9493D7202D03D4009085C7 /* Matrix.h */,
				0A9493D8202D03D4009085C7 /* Color.h */,
				0A9493D9202D03D4009085C7 /* ImageLoadingException.h */,
				0A9493DA202D03D4009085C7 /* TextBaseline.h */,
				0A9493DB202D03D4009085C7 /* InternalFormat.h */,
				0A9493DC202D03D4009085C7 /* FontWeight.h */,
				0A9493DD202D03D4009085C7 /* Font.h */,
				0A9493DE202D03D4009085C7 /* FilenameConverter.h */,
				0A9493DF202D03D4009085C7 /* GraphicsState.h */,
				0A9493E0202D03D4009085C7 /* ImageFormat.h */,
				0A9493E1202D03D4009085C7 /* Path2D.h */,
				0A9493E2202D03D4009085C7 /* Attribute.h */,
				0A9493E3202D03D4009085C7 /* TextAlign.h */,
				0A9493E4202D03D4009085C7 /* Filter.h */,
				0A9493E5202D03D4009085C7 /* Image.h */,
			);
			path = include;
			sourceTree = "<group>";
		};
		0A9493E6202D03D4009085C7 /* src */ = {
			isa = PBXGroup;
			children = (
				0A9493E7202D03D4009085C7 /* PackedImageData.cpp */,
				0A9493E8202D03D4009085C7 /* dxt.cpp */,
				0A9493E9202D03D4009085C7 /* rg_etc1.h */,
				0A9493EA202D03D4009085C7 /* Image.cpp */,
				0A9493EB202D03D4009085C7 /* stb_image_resize.h */,
				0A9493EC202D03D4009085C7 /* ImageData.cpp */,
				0A9493ED202D03D4009085C7 /* Color.cpp */,
				0A9493EE202D03D4009085C7 /* stb_image.h */,
				0A9493EF202D03D4009085C7 /* Path2D.cpp */,
				0A9493F0202D03D4009085C7 /* rg_etc1.cpp */,
				0A9493F1202D03D4009085C7 /* FloydSteinberg.cpp */,
				0A9493F2202D03D4009085C7 /* dxt.h */,
			);
			path = src;
			sourceTree = "<group>";
		};
		0A9493F3202D03D4009085C7 /* gluegen */ = {
			isa = PBXGroup;
			children = (
				0A9493F4202D03D4009085C7 /* not-supported.txt */,
				0A9493F5202D03D4009085C7 /* gluegen.php */,
				0A9493F6202D03D5009085C7 /* gl2-android9-arm.h */,
				0A9493F7202D03D5009085C7 /* glbindings.h */,
				0A9493F8202D03D5009085C7 /* glbindinit.h */,
				0A9493F9202D03D5009085C7 /* glbindings-debugbufferdata.h */,
			);
			path = gluegen;
			sourceTree = "<group>";
		};
		0A9493FB202D03D5009085C7 /* canvascontext */ = {
			isa = PBXGroup;
			children = (
				0A9493FC202D03D5009085C7 /* include */,
				0A949402202D03D5009085C7 /* src */,
			);
			path = canvascontext;
			sourceTree = "<group>";
		};
		0A9493FC202D03D5009085C7 /* include */ = {
			isa = PBXGroup;
			children = (
				0A9493FD202D03D5009085C7 /* image-context.h */,
				0A9493FE202D03D5009085C7 /* canvas-context.h */,
				0A9493FF202D03D5009085C7 /* path2d-context.h */,
				0A949400202D03D5009085C7 /* imageData-context.h */,
				0A949401202D03D5009085C7 /* imageBitmap-context.h */,
			);
			path = include;
			sourceTree = "<group>";
		};
		0A949402202D03D5009085C7 /* src */ = {
			isa = PBXGroup;
			children = (
				0A949403202D03D5009085C7 /* imageBitmap-context.cc */,
				0A949404202D03D5009085C7 /* path2d-context.cc */,
				0A949405202D03D5009085C7 /* imageData-context.cc */,
				0A949406202D03D5009085C7 /* canvas-context.cc */,
				0A949407202D03D5009085C7 /* image-context.cc */,
			);
			path = src;
			sourceTree = "<group>";
		};
		0A949408202D03D5009085C7 /* bindings */ = {
			isa = PBXGroup;
			children = (
				0A949409202D03D5009085C7 /* include */,
				0A94940B202D03D5009085C7 /* src */,
			);
			path = bindings;
			sourceTree = "<group>";
		};
		0A949409202D03D5009085C7 /* include */ = {
			isa = PBXGroup;
			children = (
				0A94940A202D03D5009085C7 /* bindings.h */,
			);
			path = include;
			sourceTree = "<group>";
		};
		0A94940B202D03D5009085C7 /* src */ = {
			isa = PBXGroup;
			children = (
				0A94940C202D03D5009085C7 /* bindings.cc */,
			);
			path = src;
			sourceTree = "<group>";
		};
		0A94940D202D03D5009085C7 /* node */ = {
			isa = PBXGroup;
			children = (
				0A94940E202D03D5009085C7 /* uv-posix.h */,
				0A94940F202D03D5009085C7 /* node_api_types.h */,
				0A949410202D03D5009085C7 /* node_version.h */,
				0A949411202D03D5009085C7 /* libplatform */,
				0A949415202D03D5009085C7 /* node_buffer.h */,
				0A949416202D03D5009085C7 /* uv-unix.h */,
				0A949417202D03D5009085C7 /* uv-threadpool.h */,
				0A949418202D03D5009085C7 /* nan */,
				0A94942D202D03D5009085C7 /* uv.h */,
				0A94942E202D03D5009085C7 /* uv-win.h */,
				0A94942F202D03D5009085C7 /* uv-aix.h */,
				0A949430202D03D5009085C7 /* uv-errno.h */,
				0A949431202D03D5009085C7 /* tree.h */,
				0A949432202D03D5009085C7 /* node.h */,
				0A949433202D03D5009085C7 /* uv-os390.h */,
				0A949434202D03D5009085C7 /* uv-sunos.h */,
				0A949435202D03D5009085C7 /* node_api.h */,
				0A949436202D03D5009085C7 /* android-ifaddrs.h */,
				0A949437202D03D5009085C7 /* uv-version.h */,
				0A949438202D03D5009085C7 /* uv-darwin.h */,
				0A949439202D03D5009085C7 /* uv-bsd.h */,
				0A94943A202D03D5009085C7 /* config.gypi */,
				0A94943B202D03D5009085C7 /* zlib.h */,
				0A94943C202D03D5009085C7 /* node_object_wrap.h */,
				0A94943D202D03D5009085C7 /* common.gypi */,
				0A94943E202D03D5009085C7 /* stdint-msvc2008.h */,
				0A94943F202D03D5009085C7 /* openssl */,
				0A9494B2202D03D5009085C7 /* uv-linux.h */,
				0A9494B3202D03D5009085C7 /* zconf.h */,
				0A9494B4202D03D5009085C7 /* pthread-barrier.h */,
			);
			path = node;
			sourceTree = "<group>";
		};
		0A949411202D03D5009085C7 /* libplatform */ = {
			isa = PBXGroup;
			children = (
				0A949412202D03D5009085C7 /* libplatform.h */,
				0A949413202D03D5009085C7 /* libplatform-export.h */,
				0A949414202D03D5009085C7 /* v8-tracing.h */,
			);
			path = libplatform;
			sourceTree = "<group>";
		};
		0A949418202D03D5009085C7 /* nan */ = {
			isa = PBXGroup;
			children = (
				0A949419202D03D5009085C7 /* nan_converters.h */,
				0A94941A202D03D5009085C7 /* nan_implementation_12_inl.h */,
				0A94941B202D03D5009085C7 /* nan_maybe_pre_43_inl.h */,
				0A94941C202D03D5009085C7 /* nan_callbacks_pre_12_inl.h */,
				0A94941D202D03D5009085C7 /* nan_converters_43_inl.h */,
				0A94941E202D03D5009085C7 /* nan_string_bytes.h */,
				0A94941F202D03D5009085C7 /* nan_callbacks.h */,
				0A949420202D03D5009085C7 /* nan_persistent_12_inl.h */,
				0A949421202D03D5009085C7 /* nan_typedarray_contents.h */,
				0A949422202D03D5009085C7 /* nan_private.h */,
				0A949423202D03D5009085C7 /* nan_persistent_pre_12_inl.h */,
				0A949424202D03D5009085C7 /* nan_maybe_43_inl.h */,
				0A949425202D03D5009085C7 /* nan_callbacks_12_inl.h */,
				0A949426202D03D5009085C7 /* nan_implementation_pre_12_inl.h */,
				0A949427202D03D5009085C7 /* nan.h */,
				0A949428202D03D5009085C7 /* nan_new.h */,
				0A949429202D03D5009085C7 /* nan_weak.h */,
				0A94942A202D03D5009085C7 /* nan_json.h */,
				0A94942B202D03D5009085C7 /* nan_object_wrap.h */,
				0A94942C202D03D5009085C7 /* nan_converters_pre_43_inl.h */,
			);
			path = nan;
			sourceTree = "<group>";
		};
		0A94943F202D03D5009085C7 /* openssl */ = {
			isa = PBXGroup;
			children = (
				0A949440202D03D5009085C7 /* pem2.h */,
				0A949441202D03D5009085C7 /* pem.h */,
				0A949442202D03D5009085C7 /* ssl3.h */,
				0A949443202D03D5009085C7 /* ossl_typ.h */,
				0A949444202D03D5009085C7 /* dtls1.h */,
				0A949445202D03D5009085C7 /* err.h */,
				0A949446202D03D5009085C7 /* bn.h */,
				0A949447202D03D5009085C7 /* blowfish.h */,
				0A949448202D03D5009085C7 /* cms.h */,
				0A949449202D03D5009085C7 /* engine.h */,
				0A94944A202D03D5009085C7 /* conf_api.h */,
				0A94944B202D03D5009085C7 /* x509.h */,
				0A94944C202D03D5009085C7 /* asn1_mac.h */,
				0A94944D202D03D5009085C7 /* ui.h */,
				0A94944E202D03D5009085C7 /* kssl.h */,
				0A94944F202D03D5009085C7 /* sha.h */,
				0A949450202D03D5009085C7 /* symhacks.h */,
				0A949451202D03D5009085C7 /* asn1.h */,
				0A949452202D03D5009085C7 /* opensslconf.h */,
				0A949453202D03D5009085C7 /* bio.h */,
				0A949454202D03D5009085C7 /* rc2.h */,
				0A949455202D03D5009085C7 /* dh.h */,
				0A949456202D03D5009085C7 /* ui_compat.h */,
				0A949457202D03D5009085C7 /* x509v3.h */,
				0A949458202D03D5009085C7 /* ssl23.h */,
				0A949459202D03D5009085C7 /* conf.h */,
				0A94945A202D03D5009085C7 /* md5.h */,
				0A94945B202D03D5009085C7 /* x509_vfy.h */,
				0A94945C202D03D5009085C7 /* txt_db.h */,
				0A94945D202D03D5009085C7 /* safestack.h */,
				0A94945E202D03D5009085C7 /* ecdsa.h */,
				0A94945F202D03D5009085C7 /* objects.h */,
				0A949460202D03D5009085C7 /* pkcs12.h */,
				0A949461202D03D5009085C7 /* crypto.h */,
				0A949462202D03D5009085C7 /* opensslv.h */,
				0A949463202D03D5009085C7 /* pkcs7.h */,
				0A949464202D03D5009085C7 /* obj_mac.h */,
				0A949465202D03D5009085C7 /* buffer.h */,
				0A949466202D03D5009085C7 /* ssl.h */,
				0A949467202D03D5009085C7 /* srp.h */,
				0A949468202D03D5009085C7 /* camellia.h */,
				0A949469202D03D5009085C7 /* evp.h */,
				0A94946A202D03D5009085C7 /* e_os2.h */,
				0A94946B202D03D5009085C7 /* md4.h */,
				0A94946C202D03D5009085C7 /* hmac.h */,
				0A94946D202D03D5009085C7 /* aes.h */,
				0A94946E202D03D5009085C7 /* comp.h */,
				0A94946F202D03D5009085C7 /* cast.h */,
				0A949470202D03D5009085C7 /* rc4.h */,
				0A949471202D03D5009085C7 /* stack.h */,
				0A949472202D03D5009085C7 /* des.h */,
				0A949473202D03D5009085C7 /* ocsp.h */,
				0A949474202D03D5009085C7 /* ec.h */,
				0A949475202D03D5009085C7 /* ecdh.h */,
				0A949476202D03D5009085C7 /* rand.h */,
				0A949477202D03D5009085C7 /* ts.h */,
				0A949478202D03D5009085C7 /* pqueue.h */,
				0A949479202D03D5009085C7 /* dso.h */,
				0A94947A202D03D5009085C7 /* seed.h */,
				0A94947B202D03D5009085C7 /* archs */,
				0A9494A2202D03D5009085C7 /* modes.h */,
				0A9494A3202D03D5009085C7 /* ssl2.h */,
				0A9494A4202D03D5009085C7 /* rsa.h */,
				0A9494A5202D03D5009085C7 /* krb5_asn.h */,
				0A9494A6202D03D5009085C7 /* des_old.h */,
				0A9494A7202D03D5009085C7 /* ripemd.h */,
				0A9494A8202D03D5009085C7 /* whrlpool.h */,
				0A9494A9202D03D5009085C7 /* tls1.h */,
				0A9494AA202D03D5009085C7 /* mdc2.h */,
				0A9494AB202D03D5009085C7 /* dsa.h */,
				0A9494AC202D03D5009085C7 /* srtp.h */,
				0A9494AD202D03D5009085C7 /* asn1t.h */,
				0A9494AE202D03D5009085C7 /* cmac.h */,
				0A9494AF202D03D5009085C7 /* ebcdic.h */,
				0A9494B0202D03D5009085C7 /* idea.h */,
				0A9494B1202D03D5009085C7 /* lhash.h */,
			);
			path = openssl;
			sourceTree = "<group>";
		};
		0A94947B202D03D5009085C7 /* archs */ = {
			isa = PBXGroup;
			children = (
				0A94947C202D03D5009085C7 /* aix-gcc */,
				0A94947E202D03D5009085C7 /* solaris-x86-gcc */,
				0A949480202D03D5009085C7 /* linux-elf */,
				0A949482202D03D5009085C7 /* linux64-s390x */,
				0A949484202D03D5009085C7 /* solaris64-x86_64-gcc */,
				0A949486202D03D5009085C7 /* VC-WIN32 */,
				0A949488202D03D5009085C7 /* linux-x32 */,
				0A94948A202D03D5009085C7 /* linux-armv4 */,
				0A94948C202D03D5009085C7 /* linux-x86_64 */,
				0A94948E202D03D5009085C7 /* linux-aarch64 */,
				0A949490202D03D5009085C7 /* aix64-gcc */,
				0A949492202D03D5009085C7 /* darwin-i386-cc */,
				0A949494202D03D5009085C7 /* darwin64-x86_64-cc */,
				0A949496202D03D5009085C7 /* linux-ppc */,
				0A949498202D03D5009085C7 /* BSD-x86 */,
				0A94949A202D03D5009085C7 /* VC-WIN64A */,
				0A94949C202D03D5009085C7 /* linux-ppc64 */,
				0A94949E202D03D5009085C7 /* linux32-s390x */,
				0A9494A0202D03D5009085C7 /* BSD-x86_64 */,
			);
			path = archs;
			sourceTree = "<group>";
		};
		0A94947C202D03D5009085C7 /* aix-gcc */ = {
			isa = PBXGroup;
			children = (
				0A94947D202D03D5009085C7 /* opensslconf.h */,
			);
			path = "aix-gcc";
			sourceTree = "<group>";
		};
		0A94947E202D03D5009085C7 /* solaris-x86-gcc */ = {
			isa = PBXGroup;
			children = (
				0A94947F202D03D5009085C7 /* opensslconf.h */,
			);
			path = "solaris-x86-gcc";
			sourceTree = "<group>";
		};
		0A949480202D03D5009085C7 /* linux-elf */ = {
			isa = PBXGroup;
			children = (
				0A949481202D03D5009085C7 /* opensslconf.h */,
			);
			path = "linux-elf";
			sourceTree = "<group>";
		};
		0A949482202D03D5009085C7 /* linux64-s390x */ = {
			isa = PBXGroup;
			children = (
				0A949483202D03D5009085C7 /* opensslconf.h */,
			);
			path = "linux64-s390x";
			sourceTree = "<group>";
		};
		0A949484202D03D5009085C7 /* solaris64-x86_64-gcc */ = {
			isa = PBXGroup;
			children = (
				0A949485202D03D5009085C7 /* opensslconf.h */,
			);
			path = "solaris64-x86_64-gcc";
			sourceTree = "<group>";
		};
		0A949486202D03D5009085C7 /* VC-WIN32 */ = {
			isa = PBXGroup;
			children = (
				0A949487202D03D5009085C7 /* opensslconf.h */,
			);
			path = "VC-WIN32";
			sourceTree = "<group>";
		};
		0A949488202D03D5009085C7 /* linux-x32 */ = {
			isa = PBXGroup;
			children = (
				0A949489202D03D5009085C7 /* opensslconf.h */,
			);
			path = "linux-x32";
			sourceTree = "<group>";
		};
		0A94948A202D03D5009085C7 /* linux-armv4 */ = {
			isa = PBXGroup;
			children = (
				0A94948B202D03D5009085C7 /* opensslconf.h */,
			);
			path = "linux-armv4";
			sourceTree = "<group>";
		};
		0A94948C202D03D5009085C7 /* linux-x86_64 */ = {
			isa = PBXGroup;
			children = (
				0A94948D202D03D5009085C7 /* opensslconf.h */,
			);
			path = "linux-x86_64";
			sourceTree = "<group>";
		};
		0A94948E202D03D5009085C7 /* linux-aarch64 */ = {
			isa = PBXGroup;
			children = (
				0A94948F202D03D5009085C7 /* opensslconf.h */,
			);
			path = "linux-aarch64";
			sourceTree = "<group>";
		};
		0A949490202D03D5009085C7 /* aix64-gcc */ = {
			isa = PBXGroup;
			children = (
				0A949491202D03D5009085C7 /* opensslconf.h */,
			);
			path = "aix64-gcc";
			sourceTree = "<group>";
		};
		0A949492202D03D5009085C7 /* darwin-i386-cc */ = {
			isa = PBXGroup;
			children = (
				0A949493202D03D5009085C7 /* opensslconf.h */,
			);
			path = "darwin-i386-cc";
			sourceTree = "<group>";
		};
		0A949494202D03D5009085C7 /* darwin64-x86_64-cc */ = {
			isa = PBXGroup;
			children = (
				0A949495202D03D5009085C7 /* opensslconf.h */,
			);
			path = "darwin64-x86_64-cc";
			sourceTree = "<group>";
		};
		0A949496202D03D5009085C7 /* linux-ppc */ = {
			isa = PBXGroup;
			children = (
				0A949497202D03D5009085C7 /* opensslconf.h */,
			);
			path = "linux-ppc";
			sourceTree = "<group>";
		};
		0A949498202D03D5009085C7 /* BSD-x86 */ = {
			isa = PBXGroup;
			children = (
				0A949499202D03D5009085C7 /* opensslconf.h */,
			);
			path = "BSD-x86";
			sourceTree = "<group>";
		};
		0A94949A202D03D5009085C7 /* VC-WIN64A */ = {
			isa = PBXGroup;
			children = (
				0A94949B202D03D5009085C7 /* opensslconf.h */,
			);
			path = "VC-WIN64A";
			sourceTree = "<group>";
		};
		0A94949C202D03D5009085C7 /* linux-ppc64 */ = {
			isa = PBXGroup;
			children = (
				0A94949D202D03D5009085C7 /* opensslconf.h */,
			);
			path = "linux-ppc64";
			sourceTree = "<group>";
		};
		0A94949E202D03D5009085C7 /* linux32-s390x */ = {
			isa = PBXGroup;
			children = (
				0A94949F202D03D5009085C7 /* opensslconf.h */,
			);
			path = "linux32-s390x";
			sourceTree = "<group>";
		};
		0A9494A0202D03D5009085C7 /* BSD-x86_64 */ = {
			isa = PBXGroup;
			children = (
				0A9494A1202D03D5009085C7 /* opensslconf.h */,
			);
			path = "BSD-x86_64";
			sourceTree = "<group>";
		};
		0A9494B5202D03D5009085C7 /* engine */ = {
			isa = PBXGroup;
			children = (
				0A9494B6202D03D5009085C7 /* v8 */,
				0A9494C3202D03D5009085C7 /* chakra */,
				0A9494CC202D03D5009085C7 /* include */,
			);
			path = engine;
			sourceTree = "<group>";
		};
		0A9494B6202D03D5009085C7 /* v8 */ = {
			isa = PBXGroup;
			children = (
				0A9494B7202D03D5009085C7 /* v8-platform.h */,
				0A9494B8202D03D5009085C7 /* v8-version.h */,
				0A9494B9202D03D5009085C7 /* v8-inspector-protocol.h */,
				0A9494BA202D03D5009085C7 /* v8-testing.h */,
				0A9494BB202D03D5009085C7 /* v8-profiler.h */,
				0A9494BC202D03D5009085C7 /* v8.h */,
				0A9494BD202D03D5009085C7 /* v8-util.h */,
				0A9494BE202D03D5009085C7 /* v8-debug.h */,
				0A9494BF202D03D5009085C7 /* v8-value-serializer-version.h */,
				0A9494C0202D03D5009085C7 /* v8config.h */,
				0A9494C1202D03D5009085C7 /* v8-version-string.h */,
				0A9494C2202D03D5009085C7 /* v8-inspector.h */,
			);
			path = v8;
			sourceTree = "<group>";
		};
		0A9494C3202D03D5009085C7 /* chakra */ = {
			isa = PBXGroup;
			children = (
				0A949658202D0530009085C7 /* ChakraCommon.h */,
				0A949654202D052F009085C7 /* ChakraCommonWindows.h */,
				0A949657202D052F009085C7 /* ChakraCore.h */,
				0A949655202D052F009085C7 /* ChakraCoreVersion.h */,
				0A949656202D052F009085C7 /* ChakraDebug.h */,
				0A9494C4202D03D5009085C7 /* v8-platform.h */,
				0A9494C5202D03D5009085C7 /* v8-version.h */,
				0A9494C6202D03D5009085C7 /* v8-inspector-protocol.h */,
				0A9494C7202D03D5009085C7 /* v8-profiler.h */,
				0A9494C8202D03D5009085C7 /* v8.h */,
				0A9494C9202D03D5009085C7 /* v8-debug.h */,
				0A9494CA202D03D5009085C7 /* v8config.h */,
				0A9494CB202D03D5009085C7 /* v8-inspector.h */,
			);
			path = chakra;
			sourceTree = "<group>";
		};
		0A9494CC202D03D5009085C7 /* include */ = {
			isa = PBXGroup;
			children = (
				0ACFE83A202D14C20088926D /* v8-platform.h */,
				0A9494CD202D03D5009085C7 /* v8.h */,
			);
			path = include;
			sourceTree = "<group>";
		};
		0A9494CE202D03D5009085C7 /* native_app_glue */ = {
			isa = PBXGroup;
			children = (
				0A9494CF202D03D5009085C7 /* Android.mk */,
				0A9494D0202D03D5009085C7 /* android_native_app_glue.h */,
				0A9494D1202D03D5009085C7 /* NOTICE */,
				0A9494D2202D03D5009085C7 /* repo.prop */,
				0A9494D3202D03D5009085C7 /* android_native_app_glue.c */,
			);
			path = native_app_glue;
			sourceTree = "<group>";
		};
		0A9494D4202D03D5009085C7 /* nanosvg */ = {
			isa = PBXGroup;
			children = (
				0A9494D5202D03D5009085C7 /* include */,
				0A9494D8202D03D5009085C7 /* src */,
			);
			path = nanosvg;
			sourceTree = "<group>";
		};
		0A9494D5202D03D5009085C7 /* include */ = {
			isa = PBXGroup;
			children = (
				0A9494D6202D03D5009085C7 /* nanosvg.h */,
				0A9494D7202D03D5009085C7 /* nanosvgrast.h */,
			);
			path = include;
			sourceTree = "<group>";
		};
		0A9494D8202D03D5009085C7 /* src */ = {
			isa = PBXGroup;
			children = (
				0A9494D9202D03D5009085C7 /* nanosvg.cpp */,
			);
			path = src;
			sourceTree = "<group>";
		};
		0ACFE84A202D22EC0088926D /* node-mobile */ = {
			isa = PBXGroup;
			children = (
				0ACFE84B202D22EC0088926D /* NodeMobile.framework */,
			);
			path = "node-mobile";
			sourceTree = "<group>";
		};
		8A76C1DB1CDDA5F567B47895 /* Frameworks */ = {
			isa = PBXGroup;
			children = (
				0ACDC380202BA1DD00E533FA /* QuartzCore.framework */,
				0ACDCBCB202B9E6600E4C0F9 /* OpenGLES.framework */,
			);
			name = Frameworks;
			sourceTree = "<group>";
		};
		DF16423B1F0CDFD70009DE88 = {
			isa = PBXGroup;
			children = (
				DF1642461F0CDFD70009DE88 /* exokit-ios */,
				DF1642451F0CDFD70009DE88 /* Products */,
				8A76C1DB1CDDA5F567B47895 /* Frameworks */,
			);
			sourceTree = "<group>";
		};
		DF1642451F0CDFD70009DE88 /* Products */ = {
			isa = PBXGroup;
			children = (
				DF1642441F0CDFD70009DE88 /* exokit-ios.app */,
			);
			name = Products;
			sourceTree = "<group>";
		};
		DF1642461F0CDFD70009DE88 /* exokit-ios */ = {
			isa = PBXGroup;
			children = (
				0A9493A3202D03D4009085C7 /* deps */,
				0ABCD851202BC5940022BBF3 /* node-service.h */,
				0A1F675B202B886E00113F90 /* node-service.mm */,
				DF8FFAA11F87D942003004E0 /* GLProgram.h */,
				DF8FFAA01F87D941003004E0 /* GLProgram.m */,
				DF1642471F0CDFD70009DE88 /* AppDelegate.h */,
				DF1642481F0CDFD70009DE88 /* AppDelegate.m */,
				DF16424A1F0CDFD70009DE88 /* ViewController.h */,
				DF16424B1F0CDFD70009DE88 /* ViewController.m */,
				DF16424D1F0CDFD70009DE88 /* Main.storyboard */,
				DF1642501F0CDFD70009DE88 /* Assets.xcassets */,
				DF1642521F0CDFD70009DE88 /* LaunchScreen.storyboard */,
				DF1642551F0CDFD70009DE88 /* Info.plist */,
				DF1642561F0CDFD70009DE88 /* main.m */,
				DF16425D1F0CE0360009DE88 /* ARRenderer.h */,
				DF16425E1F0CE0360009DE88 /* ARRenderer.m */,
				DF1642651F0E15E60009DE88 /* Anchor.fsh */,
				DF1642641F0E15E60009DE88 /* Anchor.vsh */,
				DF1642621F0CE8B90009DE88 /* Camera.vsh */,
				DF1642601F0CE8AD0009DE88 /* Camera.fsh */,
			);
			path = "exokit-ios";
			sourceTree = "<group>";
		};
/* End PBXGroup section */

/* Begin PBXNativeTarget section */
		DF1642431F0CDFD70009DE88 /* exokit-ios */ = {
			isa = PBXNativeTarget;
			buildConfigurationList = DF16425A1F0CDFD70009DE88 /* Build configuration list for PBXNativeTarget "exokit-ios" */;
			buildPhases = (
				DF1642401F0CDFD70009DE88 /* Sources */,
				DF1642411F0CDFD70009DE88 /* Frameworks */,
				DF1642421F0CDFD70009DE88 /* Resources */,
				0ABCD84C202BB80E0022BBF3 /* Embed Frameworks */,
			);
			buildRules = (
			);
			dependencies = (
			);
			name = "exokit-ios";
			productName = ARExample;
			productReference = DF1642441F0CDFD70009DE88 /* exokit-ios.app */;
			productType = "com.apple.product-type.application";
		};
/* End PBXNativeTarget section */

/* Begin PBXProject section */
		DF16423C1F0CDFD70009DE88 /* Project object */ = {
			isa = PBXProject;
			attributes = {
				LastUpgradeCheck = 0900;
				ORGANIZATIONNAME = ZhangXiaoJun;
				TargetAttributes = {
					DF1642431F0CDFD70009DE88 = {
						CreatedOnToolsVersion = 9.0;
						ProvisioningStyle = Automatic;
					};
				};
			};
			buildConfigurationList = DF16423F1F0CDFD70009DE88 /* Build configuration list for PBXProject "exokit-ios" */;
			compatibilityVersion = "Xcode 8.0";
			developmentRegion = en;
			hasScannedForEncodings = 0;
			knownRegions = (
				en,
				Base,
			);
			mainGroup = DF16423B1F0CDFD70009DE88;
			productRefGroup = DF1642451F0CDFD70009DE88 /* Products */;
			projectDirPath = "";
			projectRoot = "";
			targets = (
				DF1642431F0CDFD70009DE88 /* exokit-ios */,
			);
		};
/* End PBXProject section */

/* Begin PBXResourcesBuildPhase section */
		DF1642421F0CDFD70009DE88 /* Resources */ = {
			isa = PBXResourcesBuildPhase;
			buildActionMask = 2147483647;
			files = (
				DF1642661F0E15EC0009DE88 /* Anchor.vsh in Resources */,
				0A9494F3202D03D5009085C7 /* common.gypi in Resources */,
				DF1642631F0CF4030009DE88 /* Camera.vsh in Resources */,
				DF1642611F0CE8AD0009DE88 /* Camera.fsh in Resources */,
				DF1642541F0CDFD70009DE88 /* LaunchScreen.storyboard in Resources */,
				0A9494F5202D03D5009085C7 /* NOTICE in Resources */,
				0A9494EB202D03D5009085C7 /* .gitignore in Resources */,
				0A9494EA202D03D5009085C7 /* gluegen.php in Resources */,
				DF1642511F0CDFD70009DE88 /* Assets.xcassets in Resources */,
				0A9494E9202D03D5009085C7 /* not-supported.txt in Resources */,
				0A9494F2202D03D5009085C7 /* config.gypi in Resources */,
				DF1642671F0E15EE0009DE88 /* Anchor.fsh in Resources */,
				0A9494F4202D03D5009085C7 /* Android.mk in Resources */,
				0A9494F6202D03D5009085C7 /* repo.prop in Resources */,
				DF16424F1F0CDFD70009DE88 /* Main.storyboard in Resources */,
			);
			runOnlyForDeploymentPostprocessing = 0;
		};
/* End PBXResourcesBuildPhase section */

/* Begin PBXSourcesBuildPhase section */
		DF1642401F0CDFD70009DE88 /* Sources */ = {
			isa = PBXSourcesBuildPhase;
			buildActionMask = 2147483647;
			files = (
				0A9494EC202D03D5009085C7 /* imageBitmap-context.cc in Sources */,
				DF16424C1F0CDFD70009DE88 /* ViewController.m in Sources */,
				0A9494E8202D03D5009085C7 /* FloydSteinberg.cpp in Sources */,
				DF16425F1F0CE0360009DE88 /* ARRenderer.m in Sources */,
				0A1F675C202B886E00113F90 /* node-service.mm in Sources */,
				0A9494EF202D03D5009085C7 /* canvas-context.cc in Sources */,
				DF8FFAA21F87D942003004E0 /* GLProgram.m in Sources */,
				0A9494DC202D03D5009085C7 /* webgl.cc in Sources */,
				0A9494E6202D03D5009085C7 /* Path2D.cpp in Sources */,
				DF1642571F0CDFD70009DE88 /* main.m in Sources */,
				0A9494ED202D03D5009085C7 /* path2d-context.cc in Sources */,
				0A9494E2202D03D5009085C7 /* dxt.cpp in Sources */,
				0A9494EE202D03D5009085C7 /* imageData-context.cc in Sources */,
				0A9494E5202D03D5009085C7 /* Color.cpp in Sources */,
				0A9494F8202D03D5009085C7 /* nanosvg.cpp in Sources */,
				0A9494F0202D03D5009085C7 /* image-context.cc in Sources */,
				0A9494E1202D03D5009085C7 /* PackedImageData.cpp in Sources */,
				0A9494E4202D03D5009085C7 /* ImageData.cpp in Sources */,
				0A9494E3202D03D5009085C7 /* Image.cpp in Sources */,
				0A9494F1202D03D5009085C7 /* bindings.cc in Sources */,
				0A9494DD202D03D5009085C7 /* ContextQuartz2D.cpp in Sources */,
				DF1642491F0CDFD70009DE88 /* AppDelegate.m in Sources */,
			);
			runOnlyForDeploymentPostprocessing = 0;
		};
/* End PBXSourcesBuildPhase section */

/* Begin PBXVariantGroup section */
		DF16424D1F0CDFD70009DE88 /* Main.storyboard */ = {
			isa = PBXVariantGroup;
			children = (
				DF16424E1F0CDFD70009DE88 /* Base */,
			);
			name = Main.storyboard;
			sourceTree = "<group>";
		};
		DF1642521F0CDFD70009DE88 /* LaunchScreen.storyboard */ = {
			isa = PBXVariantGroup;
			children = (
				DF1642531F0CDFD70009DE88 /* Base */,
			);
			name = LaunchScreen.storyboard;
			sourceTree = "<group>";
		};
/* End PBXVariantGroup section */

/* Begin XCBuildConfiguration section */
		DF1642581F0CDFD70009DE88 /* Debug */ = {
			isa = XCBuildConfiguration;
			buildSettings = {
				ALWAYS_SEARCH_USER_PATHS = NO;
				CLANG_ANALYZER_NONNULL = YES;
				CLANG_ANALYZER_NUMBER_OBJECT_CONVERSION = YES_AGGRESSIVE;
				CLANG_CXX_LANGUAGE_STANDARD = "gnu++14";
				CLANG_CXX_LIBRARY = "libc++";
				CLANG_ENABLE_MODULES = YES;
				CLANG_ENABLE_OBJC_ARC = YES;
				CLANG_WARN_BLOCK_CAPTURE_AUTORELEASING = YES;
				CLANG_WARN_BOOL_CONVERSION = YES;
				CLANG_WARN_COMMA = YES;
				CLANG_WARN_CONSTANT_CONVERSION = YES;
				CLANG_WARN_DIRECT_OBJC_ISA_USAGE = YES_ERROR;
				CLANG_WARN_DOCUMENTATION_COMMENTS = YES;
				CLANG_WARN_EMPTY_BODY = YES;
				CLANG_WARN_ENUM_CONVERSION = YES;
				CLANG_WARN_INFINITE_RECURSION = YES;
				CLANG_WARN_INT_CONVERSION = YES;
				CLANG_WARN_OBJC_ROOT_CLASS = YES_ERROR;
				CLANG_WARN_RANGE_LOOP_ANALYSIS = YES;
				CLANG_WARN_STRICT_PROTOTYPES = YES;
				CLANG_WARN_SUSPICIOUS_MOVE = YES;
				CLANG_WARN_UNGUARDED_AVAILABILITY = YES_AGGRESSIVE;
				CLANG_WARN_UNREACHABLE_CODE = YES;
				CLANG_WARN__DUPLICATE_METHOD_MATCH = YES;
				CODE_SIGN_IDENTITY = "iPhone Developer";
				COPY_PHASE_STRIP = NO;
				DEBUG_INFORMATION_FORMAT = dwarf;
				ENABLE_STRICT_OBJC_MSGSEND = YES;
				ENABLE_TESTABILITY = YES;
				GCC_C_LANGUAGE_STANDARD = gnu11;
				GCC_DYNAMIC_NO_PIC = NO;
				GCC_NO_COMMON_BLOCKS = YES;
				GCC_OPTIMIZATION_LEVEL = 0;
				GCC_PREPROCESSOR_DEFINITIONS = (
					"DEBUG=1",
					"$(inherited)",
				);
				GCC_WARN_64_TO_32_BIT_CONVERSION = YES;
				GCC_WARN_ABOUT_RETURN_TYPE = YES_ERROR;
				GCC_WARN_UNDECLARED_SELECTOR = YES;
				GCC_WARN_UNINITIALIZED_AUTOS = YES_AGGRESSIVE;
				GCC_WARN_UNUSED_FUNCTION = YES;
				GCC_WARN_UNUSED_VARIABLE = YES;
				IPHONEOS_DEPLOYMENT_TARGET = 11.0;
				MTL_ENABLE_DEBUG_INFO = YES;
				ONLY_ACTIVE_ARCH = YES;
				SDKROOT = iphoneos;
			};
			name = Debug;
		};
		DF1642591F0CDFD70009DE88 /* Release */ = {
			isa = XCBuildConfiguration;
			buildSettings = {
				ALWAYS_SEARCH_USER_PATHS = NO;
				CLANG_ANALYZER_NONNULL = YES;
				CLANG_ANALYZER_NUMBER_OBJECT_CONVERSION = YES_AGGRESSIVE;
				CLANG_CXX_LANGUAGE_STANDARD = "gnu++14";
				CLANG_CXX_LIBRARY = "libc++";
				CLANG_ENABLE_MODULES = YES;
				CLANG_ENABLE_OBJC_ARC = YES;
				CLANG_WARN_BLOCK_CAPTURE_AUTORELEASING = YES;
				CLANG_WARN_BOOL_CONVERSION = YES;
				CLANG_WARN_COMMA = YES;
				CLANG_WARN_CONSTANT_CONVERSION = YES;
				CLANG_WARN_DIRECT_OBJC_ISA_USAGE = YES_ERROR;
				CLANG_WARN_DOCUMENTATION_COMMENTS = YES;
				CLANG_WARN_EMPTY_BODY = YES;
				CLANG_WARN_ENUM_CONVERSION = YES;
				CLANG_WARN_INFINITE_RECURSION = YES;
				CLANG_WARN_INT_CONVERSION = YES;
				CLANG_WARN_OBJC_ROOT_CLASS = YES_ERROR;
				CLANG_WARN_RANGE_LOOP_ANALYSIS = YES;
				CLANG_WARN_STRICT_PROTOTYPES = YES;
				CLANG_WARN_SUSPICIOUS_MOVE = YES;
				CLANG_WARN_UNGUARDED_AVAILABILITY = YES_AGGRESSIVE;
				CLANG_WARN_UNREACHABLE_CODE = YES;
				CLANG_WARN__DUPLICATE_METHOD_MATCH = YES;
				CODE_SIGN_IDENTITY = "iPhone Developer";
				COPY_PHASE_STRIP = NO;
				DEBUG_INFORMATION_FORMAT = "dwarf-with-dsym";
				ENABLE_NS_ASSERTIONS = NO;
				ENABLE_STRICT_OBJC_MSGSEND = YES;
				GCC_C_LANGUAGE_STANDARD = gnu11;
				GCC_NO_COMMON_BLOCKS = YES;
				GCC_WARN_64_TO_32_BIT_CONVERSION = YES;
				GCC_WARN_ABOUT_RETURN_TYPE = YES_ERROR;
				GCC_WARN_UNDECLARED_SELECTOR = YES;
				GCC_WARN_UNINITIALIZED_AUTOS = YES_AGGRESSIVE;
				GCC_WARN_UNUSED_FUNCTION = YES;
				GCC_WARN_UNUSED_VARIABLE = YES;
				IPHONEOS_DEPLOYMENT_TARGET = 11.0;
				MTL_ENABLE_DEBUG_INFO = NO;
				SDKROOT = iphoneos;
				VALIDATE_PRODUCT = YES;
			};
			name = Release;
		};
		DF16425B1F0CDFD70009DE88 /* Debug */ = {
			isa = XCBuildConfiguration;
			buildSettings = {
				ALWAYS_SEARCH_USER_PATHS = NO;
				ASSETCATALOG_COMPILER_APPICON_NAME = AppIcon;
				"CODE_SIGN_IDENTITY[sdk=iphoneos*]" = "iPhone Developer";
				CODE_SIGN_STYLE = Automatic;
				DEVELOPMENT_TEAM = A26A4V3B6T;
				FRAMEWORK_SEARCH_PATHS = (
					"$(inherited)",
					"$(PROJECT_DIR)/exokit-ios/deps/node-mobile",
				);
				"HEADER_SEARCH_PATHS[arch=*]" = (
					"${PROJECT_DIR}/exokit-ios/deps/exokit-bindings",
					"${PROJECT_DIR}/exokit-ios/deps/exokit-bindings/engine/include",
					"${PROJECT_DIR}/exokit-ios/deps/exokit-bindings/node",
					"${PROJECT_DIR}/exokit-ios/deps/exokit-bindings/native_app_glue",
					"${PROJECT_DIR}/exokit-ios/deps/exokit-bindings/util/include",
					"${PROJECT_DIR}/exokit-ios/deps/exokit-bindings/bindings/include",
					"${PROJECT_DIR}/exokit-ios/deps/exokit-bindings/canvas/include",
					"${PROJECT_DIR}/exokit-ios/deps/exokit-bindings/nanosvg/include",
					"${PROJECT_DIR}/exokit-ios/deps/exokit-bindings/canvascontext/include",
					"${PROJECT_DIR}/exokit-ios/deps/exokit-bindings/webglcontext/include",
					"${PROJECT_DIR}/exokit-ios/deps/exokit-bindings/platform/macos/include",
				);
				INFOPLIST_FILE = "exokit-ios/Info.plist";
				LD_RUNPATH_SEARCH_PATHS = "$(inherited) @executable_path/Frameworks";
				PRODUCT_BUNDLE_IDENTIFIER = com.exokit.exokit;
				PRODUCT_NAME = "$(TARGET_NAME)";
				PROVISIONING_PROFILE = "";
				PROVISIONING_PROFILE_SPECIFIER = "";
				TARGETED_DEVICE_FAMILY = "1,2";
				USE_HEADERMAP = NO;
			};
			name = Debug;
		};
		DF16425C1F0CDFD70009DE88 /* Release */ = {
			isa = XCBuildConfiguration;
			buildSettings = {
				ALWAYS_SEARCH_USER_PATHS = NO;
				ASSETCATALOG_COMPILER_APPICON_NAME = AppIcon;
				"CODE_SIGN_IDENTITY[sdk=iphoneos*]" = "iPhone Developer";
				CODE_SIGN_STYLE = Automatic;
				DEVELOPMENT_TEAM = A26A4V3B6T;
				FRAMEWORK_SEARCH_PATHS = (
					"$(inherited)",
					"$(PROJECT_DIR)/exokit-ios/deps/node-mobile",
				);
				"HEADER_SEARCH_PATHS[arch=*]" = (
					"${PROJECT_DIR}/exokit-ios/deps/exokit-bindings",
					"${PROJECT_DIR}/exokit-ios/deps/exokit-bindings/engine/include",
					"${PROJECT_DIR}/exokit-ios/deps/exokit-bindings/node",
					"${PROJECT_DIR}/exokit-ios/deps/exokit-bindings/native_app_glue",
					"${PROJECT_DIR}/exokit-ios/deps/exokit-bindings/util/include",
					"${PROJECT_DIR}/exokit-ios/deps/exokit-bindings/bindings/include",
					"${PROJECT_DIR}/exokit-ios/deps/exokit-bindings/canvas/include",
					"${PROJECT_DIR}/exokit-ios/deps/exokit-bindings/nanosvg/include",
					"${PROJECT_DIR}/exokit-ios/deps/exokit-bindings/canvascontext/include",
					"${PROJECT_DIR}/exokit-ios/deps/exokit-bindings/webglcontext/include",
					"${PROJECT_DIR}/exokit-ios/deps/exokit-bindings/platform/macos/include",
				);
				INFOPLIST_FILE = "exokit-ios/Info.plist";
				LD_RUNPATH_SEARCH_PATHS = "$(inherited) @executable_path/Frameworks";
				PRODUCT_BUNDLE_IDENTIFIER = com.exokit.exokit;
				PRODUCT_NAME = "$(TARGET_NAME)";
				PROVISIONING_PROFILE_SPECIFIER = "";
				TARGETED_DEVICE_FAMILY = "1,2";
				USE_HEADERMAP = NO;
			};
			name = Release;
		};
/* End XCBuildConfiguration section */

/* Begin XCConfigurationList section */
		DF16423F1F0CDFD70009DE88 /* Build configuration list for PBXProject "exokit-ios" */ = {
			isa = XCConfigurationList;
			buildConfigurations = (
				DF1642581F0CDFD70009DE88 /* Debug */,
				DF1642591F0CDFD70009DE88 /* Release */,
			);
			defaultConfigurationIsVisible = 0;
			defaultConfigurationName = Release;
		};
		DF16425A1F0CDFD70009DE88 /* Build configuration list for PBXNativeTarget "exokit-ios" */ = {
			isa = XCConfigurationList;
			buildConfigurations = (
				DF16425B1F0CDFD70009DE88 /* Debug */,
				DF16425C1F0CDFD70009DE88 /* Release */,
			);
			defaultConfigurationIsVisible = 0;
			defaultConfigurationName = Release;
		};
/* End XCConfigurationList section */
	};
	rootObject = DF16423C1F0CDFD70009DE88 /* Project object */;
}
